Microsoft Visual Studio Solution File, Format Version 12.00
# Visual Studio Version 17
VisualStudioVersion = 17.5.2.0
MinimumVisualStudioVersion = 10.0.40219.1
Project("{FAE04EC0-301F-11D3-BF4B-00C04F79EFBC}") = "Duplicati.GUI.TrayIcon", "Duplicati.GUI.TrayIcon.csproj", "{E35D4E94-4FFB-4503-2107-3B0B0BCECB00}"
EndProject
Global
	GlobalSection(SolutionConfigurationPlatforms) = preSolution
		Debug|Any CPU = Debug|Any CPU
		Release|Any CPU = Release|Any CPU
	EndGlobalSection
	GlobalSection(ProjectConfigurationPlatforms) = postSolution
		{E35D4E94-4FFB-4503-2107-3B0B0BCECB00}.Debug|Any CPU.ActiveCfg = Debug|Any CPU
		{E35D4E94-4FFB-4503-2107-3B0B0BCECB00}.Debug|Any CPU.Build.0 = Debug|Any CPU
		{E35D4E94-4FFB-4503-2107-3B0B0BCECB00}.Release|Any CPU.ActiveCfg = Release|Any CPU
		{E35D4E94-4FFB-4503-2107-3B0B0BCECB00}.Release|Any CPU.Build.0 = Release|Any CPU
	EndGlobalSection
	GlobalSection(SolutionProperties) = preSolution
		HideSolutionNode = FALSE
	EndGlobalSection
	GlobalSection(ExtensibilityGlobals) = postSolution
		SolutionGuid = {5FCDB925-2807-4C6C-A0C5-FBF8B201B580}
	EndGlobalSection
EndGlobal
