
Microsoft Visual Studio Solution File, Format Version 9.00
# Visual Studio 2005
Project("{FAE04EC0-301F-11D3-BF4B-00C04F79EFBC}") = "Datamodel", "Duplicati\GUI\Datamodel\Datamodel.csproj", "{B60D0993-B0C5-457A-90D9-DB6EEB33CE47}"
EndProject
Project("{FAE04EC0-301F-11D3-BF4B-00C04F79EFBC}") = "WizardForm", "WizardForm\WizardForm.csproj", "{F2854848-BF78-4A6D-9A2A-2AE2AFB70DF1}"
EndProject
Project("{FAE04EC0-301F-11D3-BF4B-00C04F79EFBC}") = "Duplicati", "Duplicati\GUI\Duplicati.csproj", "{1470F75F-D364-4010-91D0-FD4DDA1C5159}"
EndProject
Project("{FAE04EC0-301F-11D3-BF4B-00C04F79EFBC}") = "Duplicati.Library.Core", "Duplicati\Library\Core\Duplicati.Library.Core.csproj", "{DE3E5D4C-51AB-4E5E-BEE8-E636CEBFBA65}"
EndProject
Project("{FAE04EC0-301F-11D3-BF4B-00C04F79EFBC}") = "Duplicati.Library.Main", "Duplicati\Library\Main\Duplicati.Library.Main.csproj", "{10D2D1B7-C664-41D8-9B3A-00040C3D421B}"
EndProject
Project("{FAE04EC0-301F-11D3-BF4B-00C04F79EFBC}") = "Duplicati.Library.Backend.BackendInterface", "Duplicati\Library\Backend\BackendInterface\Duplicati.Library.Backend.BackendInterface.csproj", "{994F3D0A-E91E-4EEE-80EE-064485E09909}"
EndProject
Project("{FAE04EC0-301F-11D3-BF4B-00C04F79EFBC}") = "Duplicati.Library.Backend.BackendLoader", "Duplicati\Library\Backend\BackendLoader\Duplicati.Library.Backend.BackendLoader.csproj", "{0CA86ECF-5BEC-4909-B4F6-110A03B30B92}"
EndProject
Project("{FAE04EC0-301F-11D3-BF4B-00C04F79EFBC}") = "Duplicati.Library.Backend.File", "Duplicati\Library\Backend\File\Duplicati.Library.Backend.File.csproj", "{FC9B7611-836F-4127-8B44-A7C31F506807}"
EndProject
Project("{FAE04EC0-301F-11D3-BF4B-00C04F79EFBC}") = "Duplicati.Library.Backend.FTP", "Duplicati\Library\Backend\FTP\Duplicati.Library.Backend.FTP.csproj", "{F61679A9-E5DE-468A-B5A4-05F92D0143D2}"
EndProject
Project("{FAE04EC0-301F-11D3-BF4B-00C04F79EFBC}") = "Duplicati.Library.Backend.SSH", "Duplicati\Library\Backend\SSH\Duplicati.Library.Backend.SSH.csproj", "{6BA21DCB-1701-4936-B177-3B6D4DE3474E}"
EndProject
Project("{FAE04EC0-301F-11D3-BF4B-00C04F79EFBC}") = "Duplicati.Library.Compression", "Duplicati\Library\Compression\Duplicati.Library.Compression.csproj", "{19ECCE09-B5EB-406C-8C57-BAC66997D469}"
EndProject
Project("{FAE04EC0-301F-11D3-BF4B-00C04F79EFBC}") = "Duplicati.Library.Encryption", "Duplicati\Library\Encryption\Duplicati.Library.Encryption.csproj", "{94484FDB-2EFA-4CF0-9BE6-A561157B4F87}"
EndProject
Project("{FAE04EC0-301F-11D3-BF4B-00C04F79EFBC}") = "Duplicati.Library.SharpRSync", "Duplicati\Library\SharpRSync\Duplicati.Library.SharpRSync.csproj", "{47FE73E1-0832-44F7-96B9-2580273206C3}"
EndProject
Project("{FAE04EC0-301F-11D3-BF4B-00C04F79EFBC}") = "Duplicati.Library.Logging", "Duplicati\Library\Logging\Duplicati.Library.Logging.csproj", "{D10A5FC0-11B4-4E70-86AA-8AEA52BD9798}"
EndProject
Project("{FAE04EC0-301F-11D3-BF4B-00C04F79EFBC}") = "Duplicati.Library.Backend.S3", "Duplicati\Library\Backend\S3\Duplicati.Library.Backend.S3.csproj", "{C03F6DFD-805A-4BE0-9338-64870ADDB4A2}"
EndProject
Global
	GlobalSection(SubversionScc) = preSolution
		Svn-Managed = True
		Manager = AnkhSVN - Subversion Support for Visual Studio
	EndGlobalSection
	GlobalSection(SolutionConfigurationPlatforms) = preSolution
		Debug|Any CPU = Debug|Any CPU
		Release|Any CPU = Release|Any CPU
	EndGlobalSection
	GlobalSection(ProjectConfigurationPlatforms) = postSolution
		{B60D0993-B0C5-457A-90D9-DB6EEB33CE47}.Debug|Any CPU.ActiveCfg = Debug|Any CPU
		{B60D0993-B0C5-457A-90D9-DB6EEB33CE47}.Debug|Any CPU.Build.0 = Debug|Any CPU
		{B60D0993-B0C5-457A-90D9-DB6EEB33CE47}.Release|Any CPU.ActiveCfg = Release|Any CPU
		{B60D0993-B0C5-457A-90D9-DB6EEB33CE47}.Release|Any CPU.Build.0 = Release|Any CPU
		{F2854848-BF78-4A6D-9A2A-2AE2AFB70DF1}.Debug|Any CPU.ActiveCfg = Debug|Any CPU
		{F2854848-BF78-4A6D-9A2A-2AE2AFB70DF1}.Debug|Any CPU.Build.0 = Debug|Any CPU
		{F2854848-BF78-4A6D-9A2A-2AE2AFB70DF1}.Release|Any CPU.ActiveCfg = Release|Any CPU
		{F2854848-BF78-4A6D-9A2A-2AE2AFB70DF1}.Release|Any CPU.Build.0 = Release|Any CPU
		{1470F75F-D364-4010-91D0-FD4DDA1C5159}.Debug|Any CPU.ActiveCfg = Debug|Any CPU
		{1470F75F-D364-4010-91D0-FD4DDA1C5159}.Debug|Any CPU.Build.0 = Debug|Any CPU
		{1470F75F-D364-4010-91D0-FD4DDA1C5159}.Release|Any CPU.ActiveCfg = Release|Any CPU
		{1470F75F-D364-4010-91D0-FD4DDA1C5159}.Release|Any CPU.Build.0 = Release|Any CPU
		{DE3E5D4C-51AB-4E5E-BEE8-E636CEBFBA65}.Debug|Any CPU.ActiveCfg = Debug|Any CPU
		{DE3E5D4C-51AB-4E5E-BEE8-E636CEBFBA65}.Debug|Any CPU.Build.0 = Debug|Any CPU
		{DE3E5D4C-51AB-4E5E-BEE8-E636CEBFBA65}.Release|Any CPU.ActiveCfg = Release|Any CPU
		{DE3E5D4C-51AB-4E5E-BEE8-E636CEBFBA65}.Release|Any CPU.Build.0 = Release|Any CPU
		{10D2D1B7-C664-41D8-9B3A-00040C3D421B}.Debug|Any CPU.ActiveCfg = Debug|Any CPU
		{10D2D1B7-C664-41D8-9B3A-00040C3D421B}.Debug|Any CPU.Build.0 = Debug|Any CPU
		{10D2D1B7-C664-41D8-9B3A-00040C3D421B}.Release|Any CPU.ActiveCfg = Release|Any CPU
		{10D2D1B7-C664-41D8-9B3A-00040C3D421B}.Release|Any CPU.Build.0 = Release|Any CPU
		{994F3D0A-E91E-4EEE-80EE-064485E09909}.Debug|Any CPU.ActiveCfg = Debug|Any CPU
		{994F3D0A-E91E-4EEE-80EE-064485E09909}.Debug|Any CPU.Build.0 = Debug|Any CPU
		{994F3D0A-E91E-4EEE-80EE-064485E09909}.Release|Any CPU.ActiveCfg = Release|Any CPU
		{994F3D0A-E91E-4EEE-80EE-064485E09909}.Release|Any CPU.Build.0 = Release|Any CPU
		{0CA86ECF-5BEC-4909-B4F6-110A03B30B92}.Debug|Any CPU.ActiveCfg = Debug|Any CPU
		{0CA86ECF-5BEC-4909-B4F6-110A03B30B92}.Debug|Any CPU.Build.0 = Debug|Any CPU
		{0CA86ECF-5BEC-4909-B4F6-110A03B30B92}.Release|Any CPU.ActiveCfg = Release|Any CPU
		{0CA86ECF-5BEC-4909-B4F6-110A03B30B92}.Release|Any CPU.Build.0 = Release|Any CPU
		{FC9B7611-836F-4127-8B44-A7C31F506807}.Debug|Any CPU.ActiveCfg = Debug|Any CPU
		{FC9B7611-836F-4127-8B44-A7C31F506807}.Debug|Any CPU.Build.0 = Debug|Any CPU
		{FC9B7611-836F-4127-8B44-A7C31F506807}.Release|Any CPU.ActiveCfg = Release|Any CPU
		{FC9B7611-836F-4127-8B44-A7C31F506807}.Release|Any CPU.Build.0 = Release|Any CPU
		{F61679A9-E5DE-468A-B5A4-05F92D0143D2}.Debug|Any CPU.ActiveCfg = Debug|Any CPU
		{F61679A9-E5DE-468A-B5A4-05F92D0143D2}.Debug|Any CPU.Build.0 = Debug|Any CPU
		{F61679A9-E5DE-468A-B5A4-05F92D0143D2}.Release|Any CPU.ActiveCfg = Release|Any CPU
		{F61679A9-E5DE-468A-B5A4-05F92D0143D2}.Release|Any CPU.Build.0 = Release|Any CPU
		{6BA21DCB-1701-4936-B177-3B6D4DE3474E}.Debug|Any CPU.ActiveCfg = Debug|Any CPU
		{6BA21DCB-1701-4936-B177-3B6D4DE3474E}.Debug|Any CPU.Build.0 = Debug|Any CPU
		{6BA21DCB-1701-4936-B177-3B6D4DE3474E}.Release|Any CPU.ActiveCfg = Release|Any CPU
		{6BA21DCB-1701-4936-B177-3B6D4DE3474E}.Release|Any CPU.Build.0 = Release|Any CPU
		{19ECCE09-B5EB-406C-8C57-BAC66997D469}.Debug|Any CPU.ActiveCfg = Debug|Any CPU
		{19ECCE09-B5EB-406C-8C57-BAC66997D469}.Debug|Any CPU.Build.0 = Debug|Any CPU
		{19ECCE09-B5EB-406C-8C57-BAC66997D469}.Release|Any CPU.ActiveCfg = Release|Any CPU
		{19ECCE09-B5EB-406C-8C57-BAC66997D469}.Release|Any CPU.Build.0 = Release|Any CPU
		{94484FDB-2EFA-4CF0-9BE6-A561157B4F87}.Debug|Any CPU.ActiveCfg = Debug|Any CPU
		{94484FDB-2EFA-4CF0-9BE6-A561157B4F87}.Debug|Any CPU.Build.0 = Debug|Any CPU
		{94484FDB-2EFA-4CF0-9BE6-A561157B4F87}.Release|Any CPU.ActiveCfg = Release|Any CPU
		{94484FDB-2EFA-4CF0-9BE6-A561157B4F87}.Release|Any CPU.Build.0 = Release|Any CPU
		{47FE73E1-0832-44F7-96B9-2580273206C3}.Debug|Any CPU.ActiveCfg = Debug|Any CPU
		{47FE73E1-0832-44F7-96B9-2580273206C3}.Debug|Any CPU.Build.0 = Debug|Any CPU
		{47FE73E1-0832-44F7-96B9-2580273206C3}.Release|Any CPU.ActiveCfg = Release|Any CPU
		{47FE73E1-0832-44F7-96B9-2580273206C3}.Release|Any CPU.Build.0 = Release|Any CPU
		{D10A5FC0-11B4-4E70-86AA-8AEA52BD9798}.Debug|Any CPU.ActiveCfg = Debug|Any CPU
		{D10A5FC0-11B4-4E70-86AA-8AEA52BD9798}.Debug|Any CPU.Build.0 = Debug|Any CPU
		{D10A5FC0-11B4-4E70-86AA-8AEA52BD9798}.Release|Any CPU.ActiveCfg = Release|Any CPU
		{D10A5FC0-11B4-4E70-86AA-8AEA52BD9798}.Release|Any CPU.Build.0 = Release|Any CPU
		{C03F6DFD-805A-4BE0-9338-64870ADDB4A2}.Debug|Any CPU.ActiveCfg = Debug|Any CPU
		{C03F6DFD-805A-4BE0-9338-64870ADDB4A2}.Debug|Any CPU.Build.0 = Debug|Any CPU
		{C03F6DFD-805A-4BE0-9338-64870ADDB4A2}.Release|Any CPU.ActiveCfg = Release|Any CPU
		{C03F6DFD-805A-4BE0-9338-64870ADDB4A2}.Release|Any CPU.Build.0 = Release|Any CPU
	EndGlobalSection
	GlobalSection(SolutionProperties) = preSolution
		HideSolutionNode = FALSE
	EndGlobalSection
EndGlobal
