
Microsoft Visual Studio Solution File, Format Version 9.00
# Visual Studio 2005
Project("{FAE04EC0-301F-11D3-BF4B-00C04F79EFBC}") = "LightDatamodel", "..\LightDatamodel\LightDatamodel\LightDatamodel.csproj", "{CAE8433B-F013-474E-B7FC-4DE0D5933AD1}"
EndProject
Project("{FAE04EC0-301F-11D3-BF4B-00C04F79EFBC}") = "Datamodel", "Duplicati\Datamodel\Datamodel.csproj", "{B60D0993-B0C5-457A-90D9-DB6EEB33CE47}"
EndProject
Project("{FAE04EC0-301F-11D3-BF4B-00C04F79EFBC}") = "WizardForm", "WizardForm\WizardForm.csproj", "{F2854848-BF78-4A6D-9A2A-2AE2AFB70DF1}"
EndProject
Global
	GlobalSection(SolutionConfigurationPlatforms) = preSolution
		Debug|Any CPU = Debug|Any CPU
		Release|Any CPU = Release|Any CPU
	EndGlobalSection
	GlobalSection(ProjectConfigurationPlatforms) = postSolution
		{CAE8433B-F013-474E-B7FC-4DE0D5933AD1}.Debug|Any CPU.ActiveCfg = Debug|Any CPU
		{CAE8433B-F013-474E-B7FC-4DE0D5933AD1}.Debug|Any CPU.Build.0 = Debug|Any CPU
		{CAE8433B-F013-474E-B7FC-4DE0D5933AD1}.Release|Any CPU.ActiveCfg = Release|Any CPU
		{CAE8433B-F013-474E-B7FC-4DE0D5933AD1}.Release|Any CPU.Build.0 = Release|Any CPU
		{B60D0993-B0C5-457A-90D9-DB6EEB33CE47}.Debug|Any CPU.ActiveCfg = Debug|Any CPU
		{B60D0993-B0C5-457A-90D9-DB6EEB33CE47}.Debug|Any CPU.Build.0 = Debug|Any CPU
		{B60D0993-B0C5-457A-90D9-DB6EEB33CE47}.Release|Any CPU.ActiveCfg = Release|Any CPU
		{B60D0993-B0C5-457A-90D9-DB6EEB33CE47}.Release|Any CPU.Build.0 = Release|Any CPU
		{F2854848-BF78-4A6D-9A2A-2AE2AFB70DF1}.Debug|Any CPU.ActiveCfg = Debug|Any CPU
		{F2854848-BF78-4A6D-9A2A-2AE2AFB70DF1}.Debug|Any CPU.Build.0 = Debug|Any CPU
		{F2854848-BF78-4A6D-9A2A-2AE2AFB70DF1}.Release|Any CPU.ActiveCfg = Release|Any CPU
		{F2854848-BF78-4A6D-9A2A-2AE2AFB70DF1}.Release|Any CPU.Build.0 = Release|Any CPU
	EndGlobalSection
	GlobalSection(SolutionProperties) = preSolution
		HideSolutionNode = FALSE
	EndGlobalSection
EndGlobal
