
Microsoft Visual Studio Solution File, Format Version 12.00
# Visual Studio Version 17
VisualStudioVersion = 17.1.32210.238
MinimumVisualStudioVersion = 10.0.40219.1
Project("{9A19103F-16F7-4668-BE54-9A1E7A4F7556}") = "Duplicati.Library.Utility", "Duplicati\Library\Utility\Duplicati.Library.Utility.csproj", "{DE3E5D4C-51AB-4E5E-BEE8-E636CEBFBA65}"
EndProject
Project("{9A19103F-16F7-4668-BE54-9A1E7A4F7556}") = "Duplicati.Library.Main", "Duplicati\Library\Main\Duplicati.Library.Main.csproj", "{10D2D1B7-C664-41D8-9B3A-00040C3D421B}"
EndProject
Project("{9A19103F-16F7-4668-BE54-9A1E7A4F7556}") = "Duplicati.Library.Backend.File", "Duplicati\Library\Backend\File\Duplicati.Library.Backend.File.csproj", "{FC9B7611-836F-4127-8B44-A7C31F506807}"
EndProject
Project("{9A19103F-16F7-4668-BE54-9A1E7A4F7556}") = "Duplicati.Library.Backend.FTP", "Duplicati\Library\Backend\FTP\Duplicati.Library.Backend.FTP.csproj", "{F61679A9-E5DE-468A-B5A4-05F92D0143D2}"
EndProject
Project("{9A19103F-16F7-4668-BE54-9A1E7A4F7556}") = "Duplicati.Library.Compression", "Duplicati\Library\Compression\Duplicati.Library.Compression.csproj", "{19ECCE09-B5EB-406C-8C57-BAC66997D469}"
EndProject
Project("{9A19103F-16F7-4668-BE54-9A1E7A4F7556}") = "Duplicati.Library.Logging", "Duplicati\Library\Logging\Duplicati.Library.Logging.csproj", "{D10A5FC0-11B4-4E70-86AA-8AEA52BD9798}"
EndProject
Project("{9A19103F-16F7-4668-BE54-9A1E7A4F7556}") = "Duplicati.Library.Backend.S3", "Duplicati\Library\Backend\S3\Duplicati.Library.Backend.S3.csproj", "{C03F6DFD-805A-4BE0-9338-64870ADDB4A2}"
EndProject
Project("{9A19103F-16F7-4668-BE54-9A1E7A4F7556}") = "Duplicati.CommandLine", "Duplicati\CommandLine\CLI\Duplicati.CommandLine.csproj", "{81765A64-3661-4E3E-B850-2F6F87A51F74}"
EndProject
Project("{9A19103F-16F7-4668-BE54-9A1E7A4F7556}") = "Duplicati.Library.Backend.WEBDAV", "Duplicati\Library\Backend\WEBDAV\Duplicati.Library.Backend.WEBDAV.csproj", "{BAE27510-8B5D-44B2-B33E-372A98908041}"
EndProject
Project("{9A19103F-16F7-4668-BE54-9A1E7A4F7556}") = "Duplicati.Library.Backend.CloudFiles", "Duplicati\Library\Backend\CloudFiles\Duplicati.Library.Backend.CloudFiles.csproj", "{1BFAE226-8364-4086-825C-BB83F6F3EE4C}"
EndProject
Project("{9A19103F-16F7-4668-BE54-9A1E7A4F7556}") = "Duplicati.CommandLine.BackendTester", "Duplicati\CommandLine\BackendTester\Duplicati.CommandLine.BackendTester.csproj", "{E7280DCA-7776-4A73-B9B5-41FD77FC8799}"
EndProject
Project("{9A19103F-16F7-4668-BE54-9A1E7A4F7556}") = "Duplicati.Library.Interface", "Duplicati\Library\Interface\Duplicati.Library.Interface.csproj", "{C5899F45-B0FF-483C-9D38-24A9FCAAB237}"
EndProject
Project("{9A19103F-16F7-4668-BE54-9A1E7A4F7556}") = "Duplicati.Library.DynamicLoader", "Duplicati\Library\DynamicLoader\Duplicati.Library.DynamicLoader.csproj", "{0CA86ECF-5BEC-4909-B4F6-110A03B30B92}"
EndProject
Project("{9A19103F-16F7-4668-BE54-9A1E7A4F7556}") = "Duplicati.Library.Snapshots", "Duplicati\Library\Snapshots\Duplicati.Library.Snapshots.csproj", "{D63E53E4-A458-4C2F-914D-92F715F58ACE}"
EndProject
Project("{9A19103F-16F7-4668-BE54-9A1E7A4F7556}") = "Duplicati.License", "Duplicati\License\Duplicati.License.csproj", "{4D012CB1-4B92-47F4-89B7-BF80A73A2E99}"
EndProject
Project("{9A19103F-16F7-4668-BE54-9A1E7A4F7556}") = "Duplicati.Library.Modules.Builtin", "Duplicati\Library\Modules\Builtin\Duplicati.Library.Modules.Builtin.csproj", "{52826615-7964-47FE-B4B3-1B2DBDF605B9}"
EndProject
Project("{9A19103F-16F7-4668-BE54-9A1E7A4F7556}") = "Duplicati.Library.Backend.TahoeLAFS", "Duplicati\Library\Backend\TahoeLAFS\Duplicati.Library.Backend.TahoeLAFS.csproj", "{C0270709-2A40-43B5-8CF1-69581B9FA2A1}"
EndProject
Project("{9A19103F-16F7-4668-BE54-9A1E7A4F7556}") = "Duplicati.Library.Backend.OneDrive", "Duplicati\Library\Backend\OneDrive\Duplicati.Library.Backend.OneDrive.csproj", "{CCD76347-7DC7-4B42-B7E1-E500E624CAC3}"
EndProject
Project("{9A19103F-16F7-4668-BE54-9A1E7A4F7556}") = "Duplicati.Library.Backend.SSHv2", "Duplicati\Library\Backend\SSHv2\Duplicati.Library.Backend.SSHv2.csproj", "{FF2BF37C-E502-4C98-BEA0-701671DDFA08}"
EndProject
Project("{9A19103F-16F7-4668-BE54-9A1E7A4F7556}") = "Duplicati.Server", "Duplicati\Server\Duplicati.Server.csproj", "{19E661D2-C5DA-4F35-B3EE-7586E5734B5F}"
EndProject
Project("{9A19103F-16F7-4668-BE54-9A1E7A4F7556}") = "Duplicati.GUI.TrayIcon", "Duplicati\GUI\Duplicati.GUI.TrayIcon\Duplicati.GUI.TrayIcon.csproj", "{17566860-3D98-4604-AA5B-47661F75609F}"
EndProject
Project("{9A19103F-16F7-4668-BE54-9A1E7A4F7556}") = "Duplicati.Server.Serialization", "Duplicati\Server\Duplicati.Server.Serialization\Duplicati.Server.Serialization.csproj", "{33FD1D24-C28F-4C71-933F-98F1586EA76C}"
EndProject
Project("{9A19103F-16F7-4668-BE54-9A1E7A4F7556}") = "Duplicati.CommandLine.BackendTool", "Duplicati\CommandLine\BackendTool\Duplicati.CommandLine.BackendTool.csproj", "{2AF960C0-357D-4D44-A3D5-8B6E89DB0F11}"
EndProject
Project("{9A19103F-16F7-4668-BE54-9A1E7A4F7556}") = "Duplicati.Library.SQLiteHelper", "Duplicati\Library\SQLiteHelper\Duplicati.Library.SQLiteHelper.csproj", "{2C838169-B187-4B09-8768-1C24C2521C8D}"
EndProject
Project("{9A19103F-16F7-4668-BE54-9A1E7A4F7556}") = "Duplicati.Library.Localization", "Duplicati\Library\Localization\Duplicati.Library.Localization.csproj", "{B68F2214-951F-4F78-8488-66E1ED3F50BF}"
EndProject
Project("{9A19103F-16F7-4668-BE54-9A1E7A4F7556}") = "Duplicati.Library.AutoUpdater", "Duplicati\Library\AutoUpdater\Duplicati.Library.AutoUpdater.csproj", "{7E119745-1F62-43F0-936C-F312A1912C0B}"
EndProject
Project("{9A19103F-16F7-4668-BE54-9A1E7A4F7556}") = "Duplicati.Service", "Duplicati\Service\Duplicati.Service.csproj", "{E93F3DE2-FF3A-4709-96A3-8190AA14FA25}"
EndProject
Project("{9A19103F-16F7-4668-BE54-9A1E7A4F7556}") = "Duplicati.Library.Backend.AzureBlob", "Duplicati\Library\Backend\AzureBlob\Duplicati.Library.Backend.AzureBlob.csproj", "{8E4CECFB-0413-4B00-AB93-78D1C3902BD5}"
EndProject
Project("{9A19103F-16F7-4668-BE54-9A1E7A4F7556}") = "Duplicati.UnitTest", "Duplicati\UnitTest\Duplicati.UnitTest.csproj", "{ECB63D1C-1724-442D-9228-DEABF14F2EA3}"
EndProject
Project("{9A19103F-16F7-4668-BE54-9A1E7A4F7556}") = "Duplicati.Library.OAuthHelper", "Duplicati\Library\Backend\OAuthHelper\Duplicati.Library.OAuthHelper.csproj", "{D4C37C33-5E73-4B56-B2C3-DC4A6BAA36BB}"
EndProject
Project("{9A19103F-16F7-4668-BE54-9A1E7A4F7556}") = "Duplicati.Library.Backend.GoogleServices", "Duplicati\Library\Backend\GoogleServices\Duplicati.Library.Backend.GoogleServices.csproj", "{5489181D-950C-44AF-873C-45EB0A3B6BD2}"
EndProject
Project("{9A19103F-16F7-4668-BE54-9A1E7A4F7556}") = "Duplicati.Library.Backend.OpenStack", "Duplicati\Library\Backend\OpenStack\Duplicati.Library.Backend.OpenStack.csproj", "{D9E4E686-423C-48EC-A392-404E7C00860C}"
EndProject
Project("{9A19103F-16F7-4668-BE54-9A1E7A4F7556}") = "Duplicati.CommandLine.RecoveryTool", "Duplicati\CommandLine\RecoveryTool\Duplicati.CommandLine.RecoveryTool.csproj", "{4A010589-76E6-4F05-A5C4-4598D5DF11F8}"
EndProject
Project("{9A19103F-16F7-4668-BE54-9A1E7A4F7556}") = "Duplicati.Library.Backend.Backblaze", "Duplicati\Library\Backend\Backblaze\Duplicati.Library.Backend.Backblaze.csproj", "{61C43D61-4368-4942-84A3-1EB623F4EF2A}"
EndProject
Project("{9A19103F-16F7-4668-BE54-9A1E7A4F7556}") = "Duplicati.Library.Backend.Mega", "Duplicati\Library\Backend\Mega\Duplicati.Library.Backend.Mega.csproj", "{6643A5AE-AB38-453F-ADCE-408E35A81A83}"
EndProject
Project("{9A19103F-16F7-4668-BE54-9A1E7A4F7556}") = "Duplicati.Library.Backend.Box", "Duplicati\Library\Backend\Box\Duplicati.Library.Backend.Box.csproj", "{3FF7DD0B-5284-4BF9-97D9-1E4417FDABB2}"
EndProject
Project("{9A19103F-16F7-4668-BE54-9A1E7A4F7556}") = "Duplicati.Library.UsageReporter", "Duplicati\Library\UsageReporter\Duplicati.Library.UsageReporter.csproj", "{BB014EA5-CE2C-4444-8D30-38983A0E8553}"
EndProject
Project("{9A19103F-16F7-4668-BE54-9A1E7A4F7556}") = "Duplicati.Library.Backend.SharePoint", "Duplicati\Library\Backend\SharePoint\Duplicati.Library.Backend.SharePoint.csproj", "{59C8BBC5-6E42-46FB-AB3E-6C183A82459A}"
EndProject
Project("{9A19103F-16F7-4668-BE54-9A1E7A4F7556}") = "Duplicati.Library.Backend.Dropbox", "Duplicati\Library\Backend\Dropbox\Duplicati.Library.Backend.Dropbox.csproj", "{B20A7CEE-9C5B-47B9-8B76-BC85ADFE8493}"
EndProject
Project("{9A19103F-16F7-4668-BE54-9A1E7A4F7556}") = "Duplicati.Tools", "Duplicati\Tools\Duplicati.Tools.csproj", "{0797AA22-C5DD-4950-BB60-34765AB8C6DD}"
EndProject
Project("{9A19103F-16F7-4668-BE54-9A1E7A4F7556}") = "Duplicati.Library.Backend.Jottacloud", "Duplicati\Library\Backend\Jottacloud\Duplicati.Library.Backend.Jottacloud.csproj", "{2CD5DBC3-3DA6-432D-BA97-F0B8D24501C2}"
EndProject
Project("{9A19103F-16F7-4668-BE54-9A1E7A4F7556}") = "Duplicati.Library.Backend.Sia", "Duplicati\Library\Backend\Sia\Duplicati.Library.Backend.Sia.csproj", "{32A74526-3E5F-413A-8CB4-1EFDAD4C8B91}"
EndProject
Project("{9A19103F-16F7-4668-BE54-9A1E7A4F7556}") = "Duplicati.Library.Backend.Rclone", "Duplicati\Library\Backend\Rclone\Duplicati.Library.Backend.Rclone.csproj", "{851A1CB8-3CEB-41B4-956F-34D760D2A8E5}"
EndProject
Project("{9A19103F-16F7-4668-BE54-9A1E7A4F7556}") = "Duplicati.Library.Common", "Duplicati\Library\Common\Duplicati.Library.Common.csproj", "{D63E53E4-A458-4C2F-914D-92F715F58ACF}"
EndProject
Project("{9A19103F-16F7-4668-BE54-9A1E7A4F7556}") = "Duplicati.Library.Encryption", "Duplicati\Library\Encryption\Duplicati.Library.Encryption.csproj", "{2CF2D90E-C25B-47AD-91E0-98451BAB8058}"
EndProject
Project("{9A19103F-16F7-4668-BE54-9A1E7A4F7556}") = "Duplicati.Library.Backend.Storj", "Duplicati\Library\Backend\Storj\Duplicati.Library.Backend.Storj.csproj", "{E9AB8491-BD4C-4E4F-84C3-0BD551CC7489}"
EndProject
Project("{9A19103F-16F7-4668-BE54-9A1E7A4F7556}") = "Duplicati.Library.Backend.TencentCOS", "Duplicati\Library\Backend\TencentCOS\Duplicati.Library.Backend.TencentCOS.csproj", "{545DD6D4-9476-42D6-B51C-A28E000C489E}"
EndProject
Project("{2150E333-8FDC-42A3-9474-1A3956D46DE8}") = "Executables", "Executables", "{FA88A246-EF8E-46E3-90AF-539B8C0A6ADE}"
EndProject
Project("{2150E333-8FDC-42A3-9474-1A3956D46DE8}") = "net8", "net8", "{6B46F6B1-1898-49B8-ADA7-5CAF68EB77E3}"
EndProject
Project("{9A19103F-16F7-4668-BE54-9A1E7A4F7556}") = "Duplicati.CommandLine.AutoUpdater", "Executables\net8\Duplicati.CommandLine.AutoUpdater\Duplicati.CommandLine.AutoUpdater.csproj", "{95B7DD83-2C5A-4F1E-8EA7-39654B2B236A}"
EndProject
Project("{9A19103F-16F7-4668-BE54-9A1E7A4F7556}") = "Duplicati.Service", "Executables\net8\Duplicati.Service\Duplicati.Service.csproj", "{34149709-F3ED-4FB5-A087-43EB195C948B}"
EndProject
Project("{9A19103F-16F7-4668-BE54-9A1E7A4F7556}") = "Duplicati.CommandLine.BackendTester", "Executables\net8\Duplicati.CommandLine.BackendTester\Duplicati.CommandLine.BackendTester.csproj", "{2F1C0C8D-5C15-4BC0-811F-87F2C98D9790}"
EndProject
Project("{9A19103F-16F7-4668-BE54-9A1E7A4F7556}") = "Duplicati.CommandLine.BackendTool", "Executables\net8\Duplicati.CommandLine.BackendTool\Duplicati.CommandLine.BackendTool.csproj", "{31FA5B9B-4CD6-4BF3-B7A9-12C1E30DCAF6}"
EndProject
Project("{9A19103F-16F7-4668-BE54-9A1E7A4F7556}") = "Duplicati.CommandLine.RecoveryTool", "Executables\net8\Duplicati.CommandLine.RecoveryTool\Duplicati.CommandLine.RecoveryTool.csproj", "{0FFC557E-1B84-46A2-B6E8-06064FA7EA58}"
EndProject
Project("{9A19103F-16F7-4668-BE54-9A1E7A4F7556}") = "Duplicati.GUI.TrayIcon", "Executables\net8\Duplicati.GUI.TrayIcon\Duplicati.GUI.TrayIcon.csproj", "{AF32C621-30DC-40F5-8CE6-DD69053068E9}"
EndProject
Project("{9A19103F-16F7-4668-BE54-9A1E7A4F7556}") = "Duplicati.Server", "Executables\net8\Duplicati.Server\Duplicati.Server.csproj", "{55EEEBD2-CE45-45D6-9838-958F1C7354E4}"
EndProject
Project("{9A19103F-16F7-4668-BE54-9A1E7A4F7556}") = "Duplicati.WindowsService", "Executables\net8\Duplicati.WindowsService\Duplicati.WindowsService.csproj", "{5D20B150-C445-47BE-8CE8-C9F74F19A4F2}"
EndProject
Project("{9A19103F-16F7-4668-BE54-9A1E7A4F7556}") = "Duplicati.CommandLine", "Executables\net8\Duplicati.CommandLine\Duplicati.CommandLine.csproj", "{0F5A1F4E-25FA-4D02-920D-CA2138498081}"
EndProject
Project("{9A19103F-16F7-4668-BE54-9A1E7A4F7556}") = "Duplicati.Library.Backend.Idrivee2", "Duplicati\Library\Backend\Idrivee2\Duplicati.Library.Backend.Idrivee2.csproj", "{6B594D23-B629-465C-B799-70EE9E56C218}"
	ProjectSection(ProjectDependencies) = postProject
		{C03F6DFD-805A-4BE0-9338-64870ADDB4A2} = {C03F6DFD-805A-4BE0-9338-64870ADDB4A2}
	EndProjectSection
EndProject
Project("{2150E333-8FDC-42A3-9474-1A3956D46DE8}") = "Backends", "Backends", "{E1A9B303-F281-45C5-A4F6-CADD9DE3F3C4}"
EndProject
Project("{2150E333-8FDC-42A3-9474-1A3956D46DE8}") = "Helper Libraries", "Helper Libraries", "{566EBBDA-19A4-4056-A615-D901D57D2439}"
EndProject
Project("{2150E333-8FDC-42A3-9474-1A3956D46DE8}") = "Implementation", "Implementation", "{D19A38DD-68F1-4EF5-BF5F-8966CE0D9A5B}"
EndProject
Project("{9A19103F-16F7-4668-BE54-9A1E7A4F7556}") = "Duplicati.Library.Backends", "Duplicati\Library\Backends\Duplicati.Library.Backends.csproj", "{5290E237-C2CD-48F2-99D2-817F9C2163C8}"
EndProject
Project("{9A19103F-16F7-4668-BE54-9A1E7A4F7556}") = "Duplicati.WebserverCore", "Duplicati\WebserverCore\Duplicati.WebserverCore.csproj", "{5A702CEE-DB36-4153-BD94-D8CF867E75A9}"
EndProject
Project("{FAE04EC0-301F-11D3-BF4B-00C04F79EFBC}") = "Duplicati.Library.RestAPI", "Duplicati\Library\RestAPI\Duplicati.Library.RestAPI.csproj", "{C1D4D665-23A3-4216-9CD1-D67AE9AAAA4C}"
EndProject
Project("{FAE04EC0-301F-11D3-BF4B-00C04F79EFBC}") = "Duplicati.Library.Backend.AliyunOSS", "Duplicati\Library\Backend\AliyunOSS\Duplicati.Library.Backend.AliyunOSS.csproj", "{2290B104-92B2-416E-A150-6A89B51C05FE}"
EndProject
Project("{FAE04EC0-301F-11D3-BF4B-00C04F79EFBC}") = "Duplicati.CommandLine.SharpAESCrypt", "Executables\net8\Duplicati.CommandLine.SharpAESCrypt\Duplicati.CommandLine.SharpAESCrypt.csproj", "{FE6FD36C-E171-4599-8D55-62DA579C0864}"
EndProject
Project("{FAE04EC0-301F-11D3-BF4B-00C04F79EFBC}") = "Duplicati.CommandLine.Snapshots", "Executables\net8\Duplicati.CommandLine.Snapshots\Duplicati.CommandLine.Snapshots.csproj", "{0364E724-1929-445E-9145-90A70B01DDC0}"
EndProject
Project("{FAE04EC0-301F-11D3-BF4B-00C04F79EFBC}") = "Duplicati.CommandLine.ServerUtil", "Duplicati\CommandLine\ServerUtil\Duplicati.CommandLine.ServerUtil.csproj", "{5AF834B1-D227-4A98-9377-6BFA6BCF99A7}"
EndProject
Project("{FAE04EC0-301F-11D3-BF4B-00C04F79EFBC}") = "Duplicati.CommandLine.ServerUtil", "Executables\net8\Duplicati.CommandLine.ServerUtil\Duplicati.CommandLine.ServerUtil.csproj", "{C09A7DE2-F0F3-4FA4-B36C-A0DE7844739B}"
EndProject
Project("{FAE04EC0-301F-11D3-BF4B-00C04F79EFBC}") = "Duplicati.WindowsService", "Duplicati\WindowsService\Duplicati.WindowsService.csproj", "{3476A88B-4123-45F4-AC96-700B747367EB}"
EndProject
Project("{FAE04EC0-301F-11D3-BF4B-00C04F79EFBC}") = "Duplicati.Agent", "Duplicati\Agent\Duplicati.Agent.csproj", "{0C1AD03C-89D8-4C47-82FF-25D5470055B4}"
EndProject
Project("{FAE04EC0-301F-11D3-BF4B-00C04F79EFBC}") = "Duplicati.Agent", "Executables\net8\Duplicati.Agent\Duplicati.Agent.csproj", "{A2957269-C11F-44CE-B355-CC9BA342295D}"
EndProject
Project("{FAE04EC0-301F-11D3-BF4B-00C04F79EFBC}") = "Duplicati.Library.RemoteControl", "Duplicati\Library\RemoteControl\Duplicati.Library.RemoteControl.csproj", "{BB3A6E17-FC2E-42E3-B697-10D0972AFE81}"
EndProject
Project("{FAE04EC0-301F-11D3-BF4B-00C04F79EFBC}") = "Duplicati.Library.SecretProvider", "Duplicati\Library\SecretProvider\Duplicati.Library.SecretProvider.csproj", "{37A0B1B9-32F3-47C8-86E9-C10507C4ED4C}"
EndProject
Project("{FAE04EC0-301F-11D3-BF4B-00C04F79EFBC}") = "Duplicati.CommandLine.SecretTool", "Duplicati\CommandLine\SecretTool\Duplicati.CommandLine.SecretTool.csproj", "{D6417FD3-1645-4AB4-9F42-A1EC4A262B37}"
EndProject
Project("{FAE04EC0-301F-11D3-BF4B-00C04F79EFBC}") = "Duplicati.CommandLine.SecretTool", "Executables\net8\Duplicati.CommandLine.SecretTool\Duplicati.CommandLine.SecretTool.csproj", "{E1D32EF7-368E-4148-9367-B328E78C871B}"
EndProject
Project("{FAE04EC0-301F-11D3-BF4B-00C04F79EFBC}") = "Duplicati.Library.Backend.pCloud", "Duplicati\Library\Backend\pCloud\Duplicati.Library.Backend.pCloud.csproj", "{CA1A0EE8-DFFF-42AF-B15D-EF538357A2DE}"
EndProject
Project("{FAE04EC0-301F-11D3-BF4B-00C04F79EFBC}") = "Duplicati.Library.Crashlog", "Duplicati\Library\Crashlog\Duplicati.Library.Crashlog.csproj", "{8ACA2736-3C69-4FA5-BCF9-5EDF50CAF332}"
EndProject
Project("{FAE04EC0-301F-11D3-BF4B-00C04F79EFBC}") = "Duplicati.Library.Backend.SMB", "Duplicati\Library\Backend\SMB\Duplicati.Library.Backend.SMB.csproj", "{836E0557-B40C-4DC7-9A2A-5C062F9ACC6B}"
EndProject
Project("{FAE04EC0-301F-11D3-BF4B-00C04F79EFBC}") = "Duplicati.Library.SourceProviders", "Duplicati\Library\SourceProviders\Duplicati.Library.SourceProviders.csproj", "{8A2C7A9F-3EC8-4DE5-A9FA-9E4BCF955EF3}"
EndProject
Project("{2150E333-8FDC-42A3-9474-1A3956D46DE8}") = "SourceProviders", "SourceProviders", "{424CEF73-4984-430E-9C8B-E61CC0F22074}"
EndProject
Project("{FAE04EC0-301F-11D3-BF4B-00C04F79EFBC}") = "Duplicati.Library.SourceProvider.Builtin", "Duplicati\Library\SourceProvider\Builtin\Duplicati.Library.SourceProvider.Builtin.csproj", "{6D9742A7-6F32-4571-8276-79716168B525}"
EndProject
Project("{2150E333-8FDC-42A3-9474-1A3956D46DE8}") = "Tools", "Tools", "{15388C37-9218-4818-972E-738EEA8F1602}"
EndProject
Project("{FAE04EC0-301F-11D3-BF4B-00C04F79EFBC}") = "RemoteSynchronization", "Tools\RemoteSynchronization\RemoteSynchronization.csproj", "{D3A7E41E-279D-4E0A-A2DB-5E8002E02B6D}"
EndProject
Project("{FAE04EC0-301F-11D3-BF4B-00C04F79EFBC}") = "Duplicati.CommandLine.SyncTool", "Executables\net8\Duplicati.CommandLine.SyncTool\Duplicati.CommandLine.SyncTool.csproj", "{48D32674-0FE9-4407-B102-4AE46D93595F}"
EndProject
Project("{FAE04EC0-301F-11D3-BF4B-00C04F79EFBC}") = "Duplicati.CommandLine.SourceTool", "Duplicati\CommandLine\SourceTool\Duplicati.CommandLine.SourceTool.csproj", "{2873BCE2-2EA6-419D-BFFA-693FDB34926E}"
EndProject
Project("{FAE04EC0-301F-11D3-BF4B-00C04F79EFBC}") = "Duplicati.CommandLine.SourceTool", "Executables\net8\Duplicati.CommandLine.SourceTool\Duplicati.CommandLine.SourceTool.csproj", "{4003BF90-6681-4155-9D06-639ED23FE3AB}"
EndProject
Project("{FAE04EC0-301F-11D3-BF4B-00C04F79EFBC}") = "Duplicati.Library.Backend.Filen", "Duplicati\Library\Backend\Filen\Duplicati.Library.Backend.Filen.csproj", "{BD7F4E52-1898-4C4C-8722-FFE87B06718B}"
EndProject
Project("{FAE04EC0-301F-11D3-BF4B-00C04F79EFBC}") = "Duplicati.Library.Backend.Filejump", "Duplicati\Library\Backend\Filejump\Duplicati.Library.Backend.Filejump.csproj", "{90E9AD66-E63D-4A22-9218-6E036BD44AF9}"
EndProject
Project("{FAE04EC0-301F-11D3-BF4B-00C04F79EFBC}") = "Duplicati.PackageRef", "Duplicati\PackageRef\Duplicati.PackageRef.csproj", "{8DFF553E-9D2B-4E32-BE3A-74F476159580}"
EndProject
Project("{FAE04EC0-301F-11D3-BF4B-00C04F79EFBC}") = "Duplicati.CommandLine.DatabaseTool", "Executables\net8\Duplicati.CommandLine.DatabaseTool\Duplicati.CommandLine.DatabaseTool.csproj", "{F760DBF2-6D4A-4934-A56C-4C0CA6758DE6}"
EndProject
Project("{FAE04EC0-301F-11D3-BF4B-00C04F79EFBC}") = "Duplicati.CommandLine.DatabaseTool", "Duplicati\CommandLine\DatabaseTool\Duplicati.CommandLine.DatabaseTool.csproj", "{15315ED8-1F67-478B-AFAD-59D9E5760705}"
EndProject
Global
	GlobalSection(SolutionConfigurationPlatforms) = preSolution
		Debug|Any CPU = Debug|Any CPU
		Release|Any CPU = Release|Any CPU
	EndGlobalSection
	GlobalSection(ProjectConfigurationPlatforms) = postSolution
		{DE3E5D4C-51AB-4E5E-BEE8-E636CEBFBA65}.Debug|Any CPU.ActiveCfg = Debug|Any CPU
		{DE3E5D4C-51AB-4E5E-BEE8-E636CEBFBA65}.Debug|Any CPU.Build.0 = Debug|Any CPU
		{DE3E5D4C-51AB-4E5E-BEE8-E636CEBFBA65}.Release|Any CPU.ActiveCfg = Release|Any CPU
		{DE3E5D4C-51AB-4E5E-BEE8-E636CEBFBA65}.Release|Any CPU.Build.0 = Release|Any CPU
		{10D2D1B7-C664-41D8-9B3A-00040C3D421B}.Debug|Any CPU.ActiveCfg = Debug|Any CPU
		{10D2D1B7-C664-41D8-9B3A-00040C3D421B}.Debug|Any CPU.Build.0 = Debug|Any CPU
		{10D2D1B7-C664-41D8-9B3A-00040C3D421B}.Release|Any CPU.ActiveCfg = Release|Any CPU
		{10D2D1B7-C664-41D8-9B3A-00040C3D421B}.Release|Any CPU.Build.0 = Release|Any CPU
		{FC9B7611-836F-4127-8B44-A7C31F506807}.Debug|Any CPU.ActiveCfg = Debug|Any CPU
		{FC9B7611-836F-4127-8B44-A7C31F506807}.Debug|Any CPU.Build.0 = Debug|Any CPU
		{FC9B7611-836F-4127-8B44-A7C31F506807}.Release|Any CPU.ActiveCfg = Release|Any CPU
		{FC9B7611-836F-4127-8B44-A7C31F506807}.Release|Any CPU.Build.0 = Release|Any CPU
		{F61679A9-E5DE-468A-B5A4-05F92D0143D2}.Debug|Any CPU.ActiveCfg = Debug|Any CPU
		{F61679A9-E5DE-468A-B5A4-05F92D0143D2}.Debug|Any CPU.Build.0 = Debug|Any CPU
		{F61679A9-E5DE-468A-B5A4-05F92D0143D2}.Release|Any CPU.ActiveCfg = Release|Any CPU
		{F61679A9-E5DE-468A-B5A4-05F92D0143D2}.Release|Any CPU.Build.0 = Release|Any CPU
		{19ECCE09-B5EB-406C-8C57-BAC66997D469}.Debug|Any CPU.ActiveCfg = Debug|Any CPU
		{19ECCE09-B5EB-406C-8C57-BAC66997D469}.Debug|Any CPU.Build.0 = Debug|Any CPU
		{19ECCE09-B5EB-406C-8C57-BAC66997D469}.Release|Any CPU.ActiveCfg = Release|Any CPU
		{19ECCE09-B5EB-406C-8C57-BAC66997D469}.Release|Any CPU.Build.0 = Release|Any CPU
		{D10A5FC0-11B4-4E70-86AA-8AEA52BD9798}.Debug|Any CPU.ActiveCfg = Debug|Any CPU
		{D10A5FC0-11B4-4E70-86AA-8AEA52BD9798}.Debug|Any CPU.Build.0 = Debug|Any CPU
		{D10A5FC0-11B4-4E70-86AA-8AEA52BD9798}.Release|Any CPU.ActiveCfg = Release|Any CPU
		{D10A5FC0-11B4-4E70-86AA-8AEA52BD9798}.Release|Any CPU.Build.0 = Release|Any CPU
		{C03F6DFD-805A-4BE0-9338-64870ADDB4A2}.Debug|Any CPU.ActiveCfg = Debug|Any CPU
		{C03F6DFD-805A-4BE0-9338-64870ADDB4A2}.Debug|Any CPU.Build.0 = Debug|Any CPU
		{C03F6DFD-805A-4BE0-9338-64870ADDB4A2}.Release|Any CPU.ActiveCfg = Release|Any CPU
		{C03F6DFD-805A-4BE0-9338-64870ADDB4A2}.Release|Any CPU.Build.0 = Release|Any CPU
		{81765A64-3661-4E3E-B850-2F6F87A51F74}.Debug|Any CPU.ActiveCfg = Debug|Any CPU
		{81765A64-3661-4E3E-B850-2F6F87A51F74}.Debug|Any CPU.Build.0 = Debug|Any CPU
		{81765A64-3661-4E3E-B850-2F6F87A51F74}.Release|Any CPU.ActiveCfg = Release|Any CPU
		{81765A64-3661-4E3E-B850-2F6F87A51F74}.Release|Any CPU.Build.0 = Release|Any CPU
		{BAE27510-8B5D-44B2-B33E-372A98908041}.Debug|Any CPU.ActiveCfg = Debug|Any CPU
		{BAE27510-8B5D-44B2-B33E-372A98908041}.Debug|Any CPU.Build.0 = Debug|Any CPU
		{BAE27510-8B5D-44B2-B33E-372A98908041}.Release|Any CPU.ActiveCfg = Release|Any CPU
		{BAE27510-8B5D-44B2-B33E-372A98908041}.Release|Any CPU.Build.0 = Release|Any CPU
		{1BFAE226-8364-4086-825C-BB83F6F3EE4C}.Debug|Any CPU.ActiveCfg = Debug|Any CPU
		{1BFAE226-8364-4086-825C-BB83F6F3EE4C}.Debug|Any CPU.Build.0 = Debug|Any CPU
		{1BFAE226-8364-4086-825C-BB83F6F3EE4C}.Release|Any CPU.ActiveCfg = Release|Any CPU
		{1BFAE226-8364-4086-825C-BB83F6F3EE4C}.Release|Any CPU.Build.0 = Release|Any CPU
		{E7280DCA-7776-4A73-B9B5-41FD77FC8799}.Debug|Any CPU.ActiveCfg = Debug|Any CPU
		{E7280DCA-7776-4A73-B9B5-41FD77FC8799}.Debug|Any CPU.Build.0 = Debug|Any CPU
		{E7280DCA-7776-4A73-B9B5-41FD77FC8799}.Release|Any CPU.ActiveCfg = Release|Any CPU
		{E7280DCA-7776-4A73-B9B5-41FD77FC8799}.Release|Any CPU.Build.0 = Release|Any CPU
		{C5899F45-B0FF-483C-9D38-24A9FCAAB237}.Debug|Any CPU.ActiveCfg = Debug|Any CPU
		{C5899F45-B0FF-483C-9D38-24A9FCAAB237}.Debug|Any CPU.Build.0 = Debug|Any CPU
		{C5899F45-B0FF-483C-9D38-24A9FCAAB237}.Release|Any CPU.ActiveCfg = Release|Any CPU
		{C5899F45-B0FF-483C-9D38-24A9FCAAB237}.Release|Any CPU.Build.0 = Release|Any CPU
		{0CA86ECF-5BEC-4909-B4F6-110A03B30B92}.Debug|Any CPU.ActiveCfg = Debug|Any CPU
		{0CA86ECF-5BEC-4909-B4F6-110A03B30B92}.Debug|Any CPU.Build.0 = Debug|Any CPU
		{0CA86ECF-5BEC-4909-B4F6-110A03B30B92}.Release|Any CPU.ActiveCfg = Release|Any CPU
		{0CA86ECF-5BEC-4909-B4F6-110A03B30B92}.Release|Any CPU.Build.0 = Release|Any CPU
		{D63E53E4-A458-4C2F-914D-92F715F58ACE}.Debug|Any CPU.ActiveCfg = Debug|Any CPU
		{D63E53E4-A458-4C2F-914D-92F715F58ACE}.Debug|Any CPU.Build.0 = Debug|Any CPU
		{D63E53E4-A458-4C2F-914D-92F715F58ACE}.Release|Any CPU.ActiveCfg = Release|Any CPU
		{D63E53E4-A458-4C2F-914D-92F715F58ACE}.Release|Any CPU.Build.0 = Release|Any CPU
		{4D012CB1-4B92-47F4-89B7-BF80A73A2E99}.Debug|Any CPU.ActiveCfg = Debug|Any CPU
		{4D012CB1-4B92-47F4-89B7-BF80A73A2E99}.Debug|Any CPU.Build.0 = Debug|Any CPU
		{4D012CB1-4B92-47F4-89B7-BF80A73A2E99}.Release|Any CPU.ActiveCfg = Release|Any CPU
		{4D012CB1-4B92-47F4-89B7-BF80A73A2E99}.Release|Any CPU.Build.0 = Release|Any CPU
		{52826615-7964-47FE-B4B3-1B2DBDF605B9}.Debug|Any CPU.ActiveCfg = Debug|Any CPU
		{52826615-7964-47FE-B4B3-1B2DBDF605B9}.Debug|Any CPU.Build.0 = Debug|Any CPU
		{52826615-7964-47FE-B4B3-1B2DBDF605B9}.Release|Any CPU.ActiveCfg = Release|Any CPU
		{52826615-7964-47FE-B4B3-1B2DBDF605B9}.Release|Any CPU.Build.0 = Release|Any CPU
		{C0270709-2A40-43B5-8CF1-69581B9FA2A1}.Debug|Any CPU.ActiveCfg = Debug|Any CPU
		{C0270709-2A40-43B5-8CF1-69581B9FA2A1}.Debug|Any CPU.Build.0 = Debug|Any CPU
		{C0270709-2A40-43B5-8CF1-69581B9FA2A1}.Release|Any CPU.ActiveCfg = Release|Any CPU
		{C0270709-2A40-43B5-8CF1-69581B9FA2A1}.Release|Any CPU.Build.0 = Release|Any CPU
		{CCD76347-7DC7-4B42-B7E1-E500E624CAC3}.Debug|Any CPU.ActiveCfg = Debug|Any CPU
		{CCD76347-7DC7-4B42-B7E1-E500E624CAC3}.Debug|Any CPU.Build.0 = Debug|Any CPU
		{CCD76347-7DC7-4B42-B7E1-E500E624CAC3}.Release|Any CPU.ActiveCfg = Release|Any CPU
		{CCD76347-7DC7-4B42-B7E1-E500E624CAC3}.Release|Any CPU.Build.0 = Release|Any CPU
		{FF2BF37C-E502-4C98-BEA0-701671DDFA08}.Debug|Any CPU.ActiveCfg = Debug|Any CPU
		{FF2BF37C-E502-4C98-BEA0-701671DDFA08}.Debug|Any CPU.Build.0 = Debug|Any CPU
		{FF2BF37C-E502-4C98-BEA0-701671DDFA08}.Release|Any CPU.ActiveCfg = Release|Any CPU
		{FF2BF37C-E502-4C98-BEA0-701671DDFA08}.Release|Any CPU.Build.0 = Release|Any CPU
		{19E661D2-C5DA-4F35-B3EE-7586E5734B5F}.Debug|Any CPU.ActiveCfg = Debug|Any CPU
		{19E661D2-C5DA-4F35-B3EE-7586E5734B5F}.Debug|Any CPU.Build.0 = Debug|Any CPU
		{19E661D2-C5DA-4F35-B3EE-7586E5734B5F}.Release|Any CPU.ActiveCfg = Release|Any CPU
		{19E661D2-C5DA-4F35-B3EE-7586E5734B5F}.Release|Any CPU.Build.0 = Release|Any CPU
		{17566860-3D98-4604-AA5B-47661F75609F}.Debug|Any CPU.ActiveCfg = Debug|Any CPU
		{17566860-3D98-4604-AA5B-47661F75609F}.Debug|Any CPU.Build.0 = Debug|Any CPU
		{17566860-3D98-4604-AA5B-47661F75609F}.Release|Any CPU.ActiveCfg = Release|Any CPU
		{17566860-3D98-4604-AA5B-47661F75609F}.Release|Any CPU.Build.0 = Release|Any CPU
		{33FD1D24-C28F-4C71-933F-98F1586EA76C}.Debug|Any CPU.ActiveCfg = Debug|Any CPU
		{33FD1D24-C28F-4C71-933F-98F1586EA76C}.Debug|Any CPU.Build.0 = Debug|Any CPU
		{33FD1D24-C28F-4C71-933F-98F1586EA76C}.Release|Any CPU.ActiveCfg = Release|Any CPU
		{33FD1D24-C28F-4C71-933F-98F1586EA76C}.Release|Any CPU.Build.0 = Release|Any CPU
		{2AF960C0-357D-4D44-A3D5-8B6E89DB0F11}.Debug|Any CPU.ActiveCfg = Debug|Any CPU
		{2AF960C0-357D-4D44-A3D5-8B6E89DB0F11}.Debug|Any CPU.Build.0 = Debug|Any CPU
		{2AF960C0-357D-4D44-A3D5-8B6E89DB0F11}.Release|Any CPU.ActiveCfg = Release|Any CPU
		{2AF960C0-357D-4D44-A3D5-8B6E89DB0F11}.Release|Any CPU.Build.0 = Release|Any CPU
		{2C838169-B187-4B09-8768-1C24C2521C8D}.Debug|Any CPU.ActiveCfg = Debug|Any CPU
		{2C838169-B187-4B09-8768-1C24C2521C8D}.Debug|Any CPU.Build.0 = Debug|Any CPU
		{2C838169-B187-4B09-8768-1C24C2521C8D}.Release|Any CPU.ActiveCfg = Release|Any CPU
		{2C838169-B187-4B09-8768-1C24C2521C8D}.Release|Any CPU.Build.0 = Release|Any CPU
		{B68F2214-951F-4F78-8488-66E1ED3F50BF}.Debug|Any CPU.ActiveCfg = Debug|Any CPU
		{B68F2214-951F-4F78-8488-66E1ED3F50BF}.Debug|Any CPU.Build.0 = Debug|Any CPU
		{B68F2214-951F-4F78-8488-66E1ED3F50BF}.Release|Any CPU.ActiveCfg = Release|Any CPU
		{B68F2214-951F-4F78-8488-66E1ED3F50BF}.Release|Any CPU.Build.0 = Release|Any CPU
		{7E119745-1F62-43F0-936C-F312A1912C0B}.Debug|Any CPU.ActiveCfg = Debug|Any CPU
		{7E119745-1F62-43F0-936C-F312A1912C0B}.Debug|Any CPU.Build.0 = Debug|Any CPU
		{7E119745-1F62-43F0-936C-F312A1912C0B}.Release|Any CPU.ActiveCfg = Release|Any CPU
		{7E119745-1F62-43F0-936C-F312A1912C0B}.Release|Any CPU.Build.0 = Release|Any CPU
		{E93F3DE2-FF3A-4709-96A3-8190AA14FA25}.Debug|Any CPU.ActiveCfg = Debug|Any CPU
		{E93F3DE2-FF3A-4709-96A3-8190AA14FA25}.Debug|Any CPU.Build.0 = Debug|Any CPU
		{E93F3DE2-FF3A-4709-96A3-8190AA14FA25}.Release|Any CPU.ActiveCfg = Release|Any CPU
		{E93F3DE2-FF3A-4709-96A3-8190AA14FA25}.Release|Any CPU.Build.0 = Release|Any CPU
		{8E4CECFB-0413-4B00-AB93-78D1C3902BD5}.Debug|Any CPU.ActiveCfg = Debug|Any CPU
		{8E4CECFB-0413-4B00-AB93-78D1C3902BD5}.Debug|Any CPU.Build.0 = Debug|Any CPU
		{8E4CECFB-0413-4B00-AB93-78D1C3902BD5}.Release|Any CPU.ActiveCfg = Release|Any CPU
		{8E4CECFB-0413-4B00-AB93-78D1C3902BD5}.Release|Any CPU.Build.0 = Release|Any CPU
		{ECB63D1C-1724-442D-9228-DEABF14F2EA3}.Debug|Any CPU.ActiveCfg = Debug|Any CPU
		{ECB63D1C-1724-442D-9228-DEABF14F2EA3}.Debug|Any CPU.Build.0 = Debug|Any CPU
		{ECB63D1C-1724-442D-9228-DEABF14F2EA3}.Release|Any CPU.ActiveCfg = Release|Any CPU
		{ECB63D1C-1724-442D-9228-DEABF14F2EA3}.Release|Any CPU.Build.0 = Release|Any CPU
		{D4C37C33-5E73-4B56-B2C3-DC4A6BAA36BB}.Debug|Any CPU.ActiveCfg = Debug|Any CPU
		{D4C37C33-5E73-4B56-B2C3-DC4A6BAA36BB}.Debug|Any CPU.Build.0 = Debug|Any CPU
		{D4C37C33-5E73-4B56-B2C3-DC4A6BAA36BB}.Release|Any CPU.ActiveCfg = Release|Any CPU
		{D4C37C33-5E73-4B56-B2C3-DC4A6BAA36BB}.Release|Any CPU.Build.0 = Release|Any CPU
		{5489181D-950C-44AF-873C-45EB0A3B6BD2}.Debug|Any CPU.ActiveCfg = Debug|Any CPU
		{5489181D-950C-44AF-873C-45EB0A3B6BD2}.Debug|Any CPU.Build.0 = Debug|Any CPU
		{5489181D-950C-44AF-873C-45EB0A3B6BD2}.Release|Any CPU.ActiveCfg = Release|Any CPU
		{5489181D-950C-44AF-873C-45EB0A3B6BD2}.Release|Any CPU.Build.0 = Release|Any CPU
		{D9E4E686-423C-48EC-A392-404E7C00860C}.Debug|Any CPU.ActiveCfg = Debug|Any CPU
		{D9E4E686-423C-48EC-A392-404E7C00860C}.Debug|Any CPU.Build.0 = Debug|Any CPU
		{D9E4E686-423C-48EC-A392-404E7C00860C}.Release|Any CPU.ActiveCfg = Release|Any CPU
		{D9E4E686-423C-48EC-A392-404E7C00860C}.Release|Any CPU.Build.0 = Release|Any CPU
		{4A010589-76E6-4F05-A5C4-4598D5DF11F8}.Debug|Any CPU.ActiveCfg = Debug|Any CPU
		{4A010589-76E6-4F05-A5C4-4598D5DF11F8}.Debug|Any CPU.Build.0 = Debug|Any CPU
		{4A010589-76E6-4F05-A5C4-4598D5DF11F8}.Release|Any CPU.ActiveCfg = Release|Any CPU
		{4A010589-76E6-4F05-A5C4-4598D5DF11F8}.Release|Any CPU.Build.0 = Release|Any CPU
		{61C43D61-4368-4942-84A3-1EB623F4EF2A}.Debug|Any CPU.ActiveCfg = Debug|Any CPU
		{61C43D61-4368-4942-84A3-1EB623F4EF2A}.Debug|Any CPU.Build.0 = Debug|Any CPU
		{61C43D61-4368-4942-84A3-1EB623F4EF2A}.Release|Any CPU.ActiveCfg = Release|Any CPU
		{61C43D61-4368-4942-84A3-1EB623F4EF2A}.Release|Any CPU.Build.0 = Release|Any CPU
		{6643A5AE-AB38-453F-ADCE-408E35A81A83}.Debug|Any CPU.ActiveCfg = Debug|Any CPU
		{6643A5AE-AB38-453F-ADCE-408E35A81A83}.Debug|Any CPU.Build.0 = Debug|Any CPU
		{6643A5AE-AB38-453F-ADCE-408E35A81A83}.Release|Any CPU.ActiveCfg = Release|Any CPU
		{6643A5AE-AB38-453F-ADCE-408E35A81A83}.Release|Any CPU.Build.0 = Release|Any CPU
		{3FF7DD0B-5284-4BF9-97D9-1E4417FDABB2}.Debug|Any CPU.ActiveCfg = Debug|Any CPU
		{3FF7DD0B-5284-4BF9-97D9-1E4417FDABB2}.Debug|Any CPU.Build.0 = Debug|Any CPU
		{3FF7DD0B-5284-4BF9-97D9-1E4417FDABB2}.Release|Any CPU.ActiveCfg = Release|Any CPU
		{3FF7DD0B-5284-4BF9-97D9-1E4417FDABB2}.Release|Any CPU.Build.0 = Release|Any CPU
		{BB014EA5-CE2C-4444-8D30-38983A0E8553}.Debug|Any CPU.ActiveCfg = Debug|Any CPU
		{BB014EA5-CE2C-4444-8D30-38983A0E8553}.Debug|Any CPU.Build.0 = Debug|Any CPU
		{BB014EA5-CE2C-4444-8D30-38983A0E8553}.Release|Any CPU.ActiveCfg = Release|Any CPU
		{BB014EA5-CE2C-4444-8D30-38983A0E8553}.Release|Any CPU.Build.0 = Release|Any CPU
		{59C8BBC5-6E42-46FB-AB3E-6C183A82459A}.Debug|Any CPU.ActiveCfg = Debug|Any CPU
		{59C8BBC5-6E42-46FB-AB3E-6C183A82459A}.Debug|Any CPU.Build.0 = Debug|Any CPU
		{59C8BBC5-6E42-46FB-AB3E-6C183A82459A}.Release|Any CPU.ActiveCfg = Release|Any CPU
		{59C8BBC5-6E42-46FB-AB3E-6C183A82459A}.Release|Any CPU.Build.0 = Release|Any CPU
		{B20A7CEE-9C5B-47B9-8B76-BC85ADFE8493}.Debug|Any CPU.ActiveCfg = Debug|Any CPU
		{B20A7CEE-9C5B-47B9-8B76-BC85ADFE8493}.Debug|Any CPU.Build.0 = Debug|Any CPU
		{B20A7CEE-9C5B-47B9-8B76-BC85ADFE8493}.Release|Any CPU.ActiveCfg = Release|Any CPU
		{B20A7CEE-9C5B-47B9-8B76-BC85ADFE8493}.Release|Any CPU.Build.0 = Release|Any CPU
		{0797AA22-C5DD-4950-BB60-34765AB8C6DD}.Debug|Any CPU.ActiveCfg = Debug|Any CPU
		{0797AA22-C5DD-4950-BB60-34765AB8C6DD}.Debug|Any CPU.Build.0 = Debug|Any CPU
		{0797AA22-C5DD-4950-BB60-34765AB8C6DD}.Release|Any CPU.ActiveCfg = Release|Any CPU
		{0797AA22-C5DD-4950-BB60-34765AB8C6DD}.Release|Any CPU.Build.0 = Release|Any CPU
		{2CD5DBC3-3DA6-432D-BA97-F0B8D24501C2}.Debug|Any CPU.ActiveCfg = Debug|Any CPU
		{2CD5DBC3-3DA6-432D-BA97-F0B8D24501C2}.Debug|Any CPU.Build.0 = Debug|Any CPU
		{2CD5DBC3-3DA6-432D-BA97-F0B8D24501C2}.Release|Any CPU.ActiveCfg = Release|Any CPU
		{2CD5DBC3-3DA6-432D-BA97-F0B8D24501C2}.Release|Any CPU.Build.0 = Release|Any CPU
		{32A74526-3E5F-413A-8CB4-1EFDAD4C8B91}.Debug|Any CPU.ActiveCfg = Debug|Any CPU
		{32A74526-3E5F-413A-8CB4-1EFDAD4C8B91}.Debug|Any CPU.Build.0 = Debug|Any CPU
		{32A74526-3E5F-413A-8CB4-1EFDAD4C8B91}.Release|Any CPU.ActiveCfg = Release|Any CPU
		{32A74526-3E5F-413A-8CB4-1EFDAD4C8B91}.Release|Any CPU.Build.0 = Release|Any CPU
		{851A1CB8-3CEB-41B4-956F-34D760D2A8E5}.Debug|Any CPU.ActiveCfg = Debug|Any CPU
		{851A1CB8-3CEB-41B4-956F-34D760D2A8E5}.Debug|Any CPU.Build.0 = Debug|Any CPU
		{851A1CB8-3CEB-41B4-956F-34D760D2A8E5}.Release|Any CPU.ActiveCfg = Release|Any CPU
		{851A1CB8-3CEB-41B4-956F-34D760D2A8E5}.Release|Any CPU.Build.0 = Release|Any CPU
		{D63E53E4-A458-4C2F-914D-92F715F58ACF}.Debug|Any CPU.ActiveCfg = Debug|Any CPU
		{D63E53E4-A458-4C2F-914D-92F715F58ACF}.Debug|Any CPU.Build.0 = Debug|Any CPU
		{D63E53E4-A458-4C2F-914D-92F715F58ACF}.Release|Any CPU.ActiveCfg = Release|Any CPU
		{D63E53E4-A458-4C2F-914D-92F715F58ACF}.Release|Any CPU.Build.0 = Release|Any CPU
		{2CF2D90E-C25B-47AD-91E0-98451BAB8058}.Debug|Any CPU.ActiveCfg = Debug|Any CPU
		{2CF2D90E-C25B-47AD-91E0-98451BAB8058}.Debug|Any CPU.Build.0 = Debug|Any CPU
		{2CF2D90E-C25B-47AD-91E0-98451BAB8058}.Release|Any CPU.ActiveCfg = Release|Any CPU
		{2CF2D90E-C25B-47AD-91E0-98451BAB8058}.Release|Any CPU.Build.0 = Release|Any CPU
		{E9AB8491-BD4C-4E4F-84C3-0BD551CC7489}.Debug|Any CPU.ActiveCfg = Debug|Any CPU
		{E9AB8491-BD4C-4E4F-84C3-0BD551CC7489}.Debug|Any CPU.Build.0 = Debug|Any CPU
		{E9AB8491-BD4C-4E4F-84C3-0BD551CC7489}.Release|Any CPU.ActiveCfg = Release|Any CPU
		{E9AB8491-BD4C-4E4F-84C3-0BD551CC7489}.Release|Any CPU.Build.0 = Release|Any CPU
		{545DD6D4-9476-42D6-B51C-A28E000C489E}.Debug|Any CPU.ActiveCfg = Debug|Any CPU
		{545DD6D4-9476-42D6-B51C-A28E000C489E}.Debug|Any CPU.Build.0 = Debug|Any CPU
		{545DD6D4-9476-42D6-B51C-A28E000C489E}.Release|Any CPU.ActiveCfg = Release|Any CPU
		{545DD6D4-9476-42D6-B51C-A28E000C489E}.Release|Any CPU.Build.0 = Release|Any CPU
		{95B7DD83-2C5A-4F1E-8EA7-39654B2B236A}.Debug|Any CPU.ActiveCfg = Debug|Any CPU
		{95B7DD83-2C5A-4F1E-8EA7-39654B2B236A}.Debug|Any CPU.Build.0 = Debug|Any CPU
		{95B7DD83-2C5A-4F1E-8EA7-39654B2B236A}.Release|Any CPU.ActiveCfg = Release|Any CPU
		{95B7DD83-2C5A-4F1E-8EA7-39654B2B236A}.Release|Any CPU.Build.0 = Release|Any CPU
		{34149709-F3ED-4FB5-A087-43EB195C948B}.Debug|Any CPU.ActiveCfg = Debug|Any CPU
		{34149709-F3ED-4FB5-A087-43EB195C948B}.Debug|Any CPU.Build.0 = Debug|Any CPU
		{34149709-F3ED-4FB5-A087-43EB195C948B}.Release|Any CPU.ActiveCfg = Release|Any CPU
		{34149709-F3ED-4FB5-A087-43EB195C948B}.Release|Any CPU.Build.0 = Release|Any CPU
		{2F1C0C8D-5C15-4BC0-811F-87F2C98D9790}.Debug|Any CPU.ActiveCfg = Debug|Any CPU
		{2F1C0C8D-5C15-4BC0-811F-87F2C98D9790}.Debug|Any CPU.Build.0 = Debug|Any CPU
		{2F1C0C8D-5C15-4BC0-811F-87F2C98D9790}.Release|Any CPU.ActiveCfg = Release|Any CPU
		{2F1C0C8D-5C15-4BC0-811F-87F2C98D9790}.Release|Any CPU.Build.0 = Release|Any CPU
		{31FA5B9B-4CD6-4BF3-B7A9-12C1E30DCAF6}.Debug|Any CPU.ActiveCfg = Debug|Any CPU
		{31FA5B9B-4CD6-4BF3-B7A9-12C1E30DCAF6}.Debug|Any CPU.Build.0 = Debug|Any CPU
		{31FA5B9B-4CD6-4BF3-B7A9-12C1E30DCAF6}.Release|Any CPU.ActiveCfg = Release|Any CPU
		{31FA5B9B-4CD6-4BF3-B7A9-12C1E30DCAF6}.Release|Any CPU.Build.0 = Release|Any CPU
		{0FFC557E-1B84-46A2-B6E8-06064FA7EA58}.Debug|Any CPU.ActiveCfg = Debug|Any CPU
		{0FFC557E-1B84-46A2-B6E8-06064FA7EA58}.Debug|Any CPU.Build.0 = Debug|Any CPU
		{0FFC557E-1B84-46A2-B6E8-06064FA7EA58}.Release|Any CPU.ActiveCfg = Release|Any CPU
		{0FFC557E-1B84-46A2-B6E8-06064FA7EA58}.Release|Any CPU.Build.0 = Release|Any CPU
		{AF32C621-30DC-40F5-8CE6-DD69053068E9}.Debug|Any CPU.ActiveCfg = Debug|Any CPU
		{AF32C621-30DC-40F5-8CE6-DD69053068E9}.Debug|Any CPU.Build.0 = Debug|Any CPU
		{AF32C621-30DC-40F5-8CE6-DD69053068E9}.Release|Any CPU.ActiveCfg = Release|Any CPU
		{AF32C621-30DC-40F5-8CE6-DD69053068E9}.Release|Any CPU.Build.0 = Release|Any CPU
		{55EEEBD2-CE45-45D6-9838-958F1C7354E4}.Debug|Any CPU.ActiveCfg = Debug|Any CPU
		{55EEEBD2-CE45-45D6-9838-958F1C7354E4}.Debug|Any CPU.Build.0 = Debug|Any CPU
		{55EEEBD2-CE45-45D6-9838-958F1C7354E4}.Release|Any CPU.ActiveCfg = Release|Any CPU
		{55EEEBD2-CE45-45D6-9838-958F1C7354E4}.Release|Any CPU.Build.0 = Release|Any CPU
		{5D20B150-C445-47BE-8CE8-C9F74F19A4F2}.Debug|Any CPU.ActiveCfg = Debug|Any CPU
		{5D20B150-C445-47BE-8CE8-C9F74F19A4F2}.Debug|Any CPU.Build.0 = Debug|Any CPU
		{5D20B150-C445-47BE-8CE8-C9F74F19A4F2}.Release|Any CPU.ActiveCfg = Release|Any CPU
		{5D20B150-C445-47BE-8CE8-C9F74F19A4F2}.Release|Any CPU.Build.0 = Release|Any CPU
		{0F5A1F4E-25FA-4D02-920D-CA2138498081}.Debug|Any CPU.ActiveCfg = Debug|Any CPU
		{0F5A1F4E-25FA-4D02-920D-CA2138498081}.Debug|Any CPU.Build.0 = Debug|Any CPU
		{0F5A1F4E-25FA-4D02-920D-CA2138498081}.Release|Any CPU.ActiveCfg = Release|Any CPU
		{0F5A1F4E-25FA-4D02-920D-CA2138498081}.Release|Any CPU.Build.0 = Release|Any CPU
		{6B594D23-B629-465C-B799-70EE9E56C218}.Debug|Any CPU.ActiveCfg = Debug|Any CPU
		{6B594D23-B629-465C-B799-70EE9E56C218}.Debug|Any CPU.Build.0 = Debug|Any CPU
		{6B594D23-B629-465C-B799-70EE9E56C218}.Release|Any CPU.ActiveCfg = Release|Any CPU
		{6B594D23-B629-465C-B799-70EE9E56C218}.Release|Any CPU.Build.0 = Release|Any CPU
		{5290E237-C2CD-48F2-99D2-817F9C2163C8}.Debug|Any CPU.ActiveCfg = Debug|Any CPU
		{5290E237-C2CD-48F2-99D2-817F9C2163C8}.Debug|Any CPU.Build.0 = Debug|Any CPU
		{5290E237-C2CD-48F2-99D2-817F9C2163C8}.Release|Any CPU.ActiveCfg = Release|Any CPU
		{5290E237-C2CD-48F2-99D2-817F9C2163C8}.Release|Any CPU.Build.0 = Release|Any CPU
		{5A702CEE-DB36-4153-BD94-D8CF867E75A9}.Debug|Any CPU.ActiveCfg = Debug|Any CPU
		{5A702CEE-DB36-4153-BD94-D8CF867E75A9}.Debug|Any CPU.Build.0 = Debug|Any CPU
		{5A702CEE-DB36-4153-BD94-D8CF867E75A9}.Release|Any CPU.ActiveCfg = Release|Any CPU
		{5A702CEE-DB36-4153-BD94-D8CF867E75A9}.Release|Any CPU.Build.0 = Release|Any CPU
		{C1D4D665-23A3-4216-9CD1-D67AE9AAAA4C}.Debug|Any CPU.ActiveCfg = Debug|Any CPU
		{C1D4D665-23A3-4216-9CD1-D67AE9AAAA4C}.Debug|Any CPU.Build.0 = Debug|Any CPU
		{C1D4D665-23A3-4216-9CD1-D67AE9AAAA4C}.Release|Any CPU.ActiveCfg = Release|Any CPU
		{C1D4D665-23A3-4216-9CD1-D67AE9AAAA4C}.Release|Any CPU.Build.0 = Release|Any CPU
		{2290B104-92B2-416E-A150-6A89B51C05FE}.Debug|Any CPU.ActiveCfg = Debug|Any CPU
		{2290B104-92B2-416E-A150-6A89B51C05FE}.Debug|Any CPU.Build.0 = Debug|Any CPU
		{2290B104-92B2-416E-A150-6A89B51C05FE}.Release|Any CPU.ActiveCfg = Release|Any CPU
		{2290B104-92B2-416E-A150-6A89B51C05FE}.Release|Any CPU.Build.0 = Release|Any CPU
		{FE6FD36C-E171-4599-8D55-62DA579C0864}.Debug|Any CPU.ActiveCfg = Debug|Any CPU
		{FE6FD36C-E171-4599-8D55-62DA579C0864}.Debug|Any CPU.Build.0 = Debug|Any CPU
		{FE6FD36C-E171-4599-8D55-62DA579C0864}.Release|Any CPU.ActiveCfg = Release|Any CPU
		{FE6FD36C-E171-4599-8D55-62DA579C0864}.Release|Any CPU.Build.0 = Release|Any CPU
		{0364E724-1929-445E-9145-90A70B01DDC0}.Debug|Any CPU.ActiveCfg = Debug|Any CPU
		{0364E724-1929-445E-9145-90A70B01DDC0}.Debug|Any CPU.Build.0 = Debug|Any CPU
		{0364E724-1929-445E-9145-90A70B01DDC0}.Release|Any CPU.ActiveCfg = Release|Any CPU
		{0364E724-1929-445E-9145-90A70B01DDC0}.Release|Any CPU.Build.0 = Release|Any CPU
		{5AF834B1-D227-4A98-9377-6BFA6BCF99A7}.Debug|Any CPU.ActiveCfg = Debug|Any CPU
		{5AF834B1-D227-4A98-9377-6BFA6BCF99A7}.Debug|Any CPU.Build.0 = Debug|Any CPU
		{5AF834B1-D227-4A98-9377-6BFA6BCF99A7}.Release|Any CPU.ActiveCfg = Release|Any CPU
		{5AF834B1-D227-4A98-9377-6BFA6BCF99A7}.Release|Any CPU.Build.0 = Release|Any CPU
		{C09A7DE2-F0F3-4FA4-B36C-A0DE7844739B}.Debug|Any CPU.ActiveCfg = Debug|Any CPU
		{C09A7DE2-F0F3-4FA4-B36C-A0DE7844739B}.Debug|Any CPU.Build.0 = Debug|Any CPU
		{C09A7DE2-F0F3-4FA4-B36C-A0DE7844739B}.Release|Any CPU.ActiveCfg = Release|Any CPU
		{C09A7DE2-F0F3-4FA4-B36C-A0DE7844739B}.Release|Any CPU.Build.0 = Release|Any CPU
		{3476A88B-4123-45F4-AC96-700B747367EB}.Debug|Any CPU.ActiveCfg = Debug|Any CPU
		{3476A88B-4123-45F4-AC96-700B747367EB}.Debug|Any CPU.Build.0 = Debug|Any CPU
		{3476A88B-4123-45F4-AC96-700B747367EB}.Release|Any CPU.ActiveCfg = Release|Any CPU
		{3476A88B-4123-45F4-AC96-700B747367EB}.Release|Any CPU.Build.0 = Release|Any CPU
		{0C1AD03C-89D8-4C47-82FF-25D5470055B4}.Debug|Any CPU.ActiveCfg = Debug|Any CPU
		{0C1AD03C-89D8-4C47-82FF-25D5470055B4}.Debug|Any CPU.Build.0 = Debug|Any CPU
		{0C1AD03C-89D8-4C47-82FF-25D5470055B4}.Release|Any CPU.ActiveCfg = Release|Any CPU
		{0C1AD03C-89D8-4C47-82FF-25D5470055B4}.Release|Any CPU.Build.0 = Release|Any CPU
		{A2957269-C11F-44CE-B355-CC9BA342295D}.Debug|Any CPU.ActiveCfg = Debug|Any CPU
		{A2957269-C11F-44CE-B355-CC9BA342295D}.Debug|Any CPU.Build.0 = Debug|Any CPU
		{A2957269-C11F-44CE-B355-CC9BA342295D}.Release|Any CPU.ActiveCfg = Release|Any CPU
		{A2957269-C11F-44CE-B355-CC9BA342295D}.Release|Any CPU.Build.0 = Release|Any CPU
		{BB3A6E17-FC2E-42E3-B697-10D0972AFE81}.Debug|Any CPU.ActiveCfg = Debug|Any CPU
		{BB3A6E17-FC2E-42E3-B697-10D0972AFE81}.Debug|Any CPU.Build.0 = Debug|Any CPU
		{BB3A6E17-FC2E-42E3-B697-10D0972AFE81}.Release|Any CPU.ActiveCfg = Release|Any CPU
		{BB3A6E17-FC2E-42E3-B697-10D0972AFE81}.Release|Any CPU.Build.0 = Release|Any CPU
		{37A0B1B9-32F3-47C8-86E9-C10507C4ED4C}.Debug|Any CPU.ActiveCfg = Debug|Any CPU
		{37A0B1B9-32F3-47C8-86E9-C10507C4ED4C}.Debug|Any CPU.Build.0 = Debug|Any CPU
		{37A0B1B9-32F3-47C8-86E9-C10507C4ED4C}.Release|Any CPU.ActiveCfg = Release|Any CPU
		{37A0B1B9-32F3-47C8-86E9-C10507C4ED4C}.Release|Any CPU.Build.0 = Release|Any CPU
		{D6417FD3-1645-4AB4-9F42-A1EC4A262B37}.Debug|Any CPU.ActiveCfg = Debug|Any CPU
		{D6417FD3-1645-4AB4-9F42-A1EC4A262B37}.Debug|Any CPU.Build.0 = Debug|Any CPU
		{D6417FD3-1645-4AB4-9F42-A1EC4A262B37}.Release|Any CPU.ActiveCfg = Release|Any CPU
		{D6417FD3-1645-4AB4-9F42-A1EC4A262B37}.Release|Any CPU.Build.0 = Release|Any CPU
		{E1D32EF7-368E-4148-9367-B328E78C871B}.Debug|Any CPU.ActiveCfg = Debug|Any CPU
		{E1D32EF7-368E-4148-9367-B328E78C871B}.Debug|Any CPU.Build.0 = Debug|Any CPU
		{E1D32EF7-368E-4148-9367-B328E78C871B}.Release|Any CPU.ActiveCfg = Release|Any CPU
		{E1D32EF7-368E-4148-9367-B328E78C871B}.Release|Any CPU.Build.0 = Release|Any CPU
		{CA1A0EE8-DFFF-42AF-B15D-EF538357A2DE}.Debug|Any CPU.ActiveCfg = Debug|Any CPU
		{CA1A0EE8-DFFF-42AF-B15D-EF538357A2DE}.Debug|Any CPU.Build.0 = Debug|Any CPU
		{CA1A0EE8-DFFF-42AF-B15D-EF538357A2DE}.Release|Any CPU.ActiveCfg = Release|Any CPU
		{CA1A0EE8-DFFF-42AF-B15D-EF538357A2DE}.Release|Any CPU.Build.0 = Release|Any CPU
		{8ACA2736-3C69-4FA5-BCF9-5EDF50CAF332}.Debug|Any CPU.ActiveCfg = Debug|Any CPU
		{8ACA2736-3C69-4FA5-BCF9-5EDF50CAF332}.Debug|Any CPU.Build.0 = Debug|Any CPU
		{8ACA2736-3C69-4FA5-BCF9-5EDF50CAF332}.Release|Any CPU.ActiveCfg = Release|Any CPU
		{8ACA2736-3C69-4FA5-BCF9-5EDF50CAF332}.Release|Any CPU.Build.0 = Release|Any CPU
		{836E0557-B40C-4DC7-9A2A-5C062F9ACC6B}.Debug|Any CPU.ActiveCfg = Debug|Any CPU
		{836E0557-B40C-4DC7-9A2A-5C062F9ACC6B}.Debug|Any CPU.Build.0 = Debug|Any CPU
		{836E0557-B40C-4DC7-9A2A-5C062F9ACC6B}.Release|Any CPU.ActiveCfg = Release|Any CPU
		{836E0557-B40C-4DC7-9A2A-5C062F9ACC6B}.Release|Any CPU.Build.0 = Release|Any CPU
		{8A2C7A9F-3EC8-4DE5-A9FA-9E4BCF955EF3}.Debug|Any CPU.ActiveCfg = Debug|Any CPU
		{8A2C7A9F-3EC8-4DE5-A9FA-9E4BCF955EF3}.Debug|Any CPU.Build.0 = Debug|Any CPU
		{8A2C7A9F-3EC8-4DE5-A9FA-9E4BCF955EF3}.Release|Any CPU.ActiveCfg = Release|Any CPU
		{8A2C7A9F-3EC8-4DE5-A9FA-9E4BCF955EF3}.Release|Any CPU.Build.0 = Release|Any CPU
		{6D9742A7-6F32-4571-8276-79716168B525}.Debug|Any CPU.ActiveCfg = Debug|Any CPU
		{6D9742A7-6F32-4571-8276-79716168B525}.Debug|Any CPU.Build.0 = Debug|Any CPU
		{6D9742A7-6F32-4571-8276-79716168B525}.Release|Any CPU.ActiveCfg = Release|Any CPU
		{6D9742A7-6F32-4571-8276-79716168B525}.Release|Any CPU.Build.0 = Release|Any CPU
		{D3A7E41E-279D-4E0A-A2DB-5E8002E02B6D}.Debug|Any CPU.ActiveCfg = Debug|Any CPU
		{D3A7E41E-279D-4E0A-A2DB-5E8002E02B6D}.Debug|Any CPU.Build.0 = Debug|Any CPU
		{D3A7E41E-279D-4E0A-A2DB-5E8002E02B6D}.Release|Any CPU.ActiveCfg = Release|Any CPU
		{D3A7E41E-279D-4E0A-A2DB-5E8002E02B6D}.Release|Any CPU.Build.0 = Release|Any CPU
		{48D32674-0FE9-4407-B102-4AE46D93595F}.Debug|Any CPU.ActiveCfg = Debug|Any CPU
		{48D32674-0FE9-4407-B102-4AE46D93595F}.Debug|Any CPU.Build.0 = Debug|Any CPU
		{48D32674-0FE9-4407-B102-4AE46D93595F}.Release|Any CPU.ActiveCfg = Release|Any CPU
		{48D32674-0FE9-4407-B102-4AE46D93595F}.Release|Any CPU.Build.0 = Release|Any CPU
		{2873BCE2-2EA6-419D-BFFA-693FDB34926E}.Debug|Any CPU.ActiveCfg = Debug|Any CPU
		{2873BCE2-2EA6-419D-BFFA-693FDB34926E}.Debug|Any CPU.Build.0 = Debug|Any CPU
		{2873BCE2-2EA6-419D-BFFA-693FDB34926E}.Release|Any CPU.ActiveCfg = Release|Any CPU
		{2873BCE2-2EA6-419D-BFFA-693FDB34926E}.Release|Any CPU.Build.0 = Release|Any CPU
		{4003BF90-6681-4155-9D06-639ED23FE3AB}.Debug|Any CPU.ActiveCfg = Debug|Any CPU
		{4003BF90-6681-4155-9D06-639ED23FE3AB}.Debug|Any CPU.Build.0 = Debug|Any CPU
		{4003BF90-6681-4155-9D06-639ED23FE3AB}.Release|Any CPU.ActiveCfg = Release|Any CPU
		{4003BF90-6681-4155-9D06-639ED23FE3AB}.Release|Any CPU.Build.0 = Release|Any CPU
		{BD7F4E52-1898-4C4C-8722-FFE87B06718B}.Debug|Any CPU.ActiveCfg = Debug|Any CPU
		{BD7F4E52-1898-4C4C-8722-FFE87B06718B}.Debug|Any CPU.Build.0 = Debug|Any CPU
		{BD7F4E52-1898-4C4C-8722-FFE87B06718B}.Release|Any CPU.ActiveCfg = Release|Any CPU
		{BD7F4E52-1898-4C4C-8722-FFE87B06718B}.Release|Any CPU.Build.0 = Release|Any CPU
		{90E9AD66-E63D-4A22-9218-6E036BD44AF9}.Debug|Any CPU.ActiveCfg = Debug|Any CPU
		{90E9AD66-E63D-4A22-9218-6E036BD44AF9}.Debug|Any CPU.Build.0 = Debug|Any CPU
		{90E9AD66-E63D-4A22-9218-6E036BD44AF9}.Release|Any CPU.ActiveCfg = Release|Any CPU
		{90E9AD66-E63D-4A22-9218-6E036BD44AF9}.Release|Any CPU.Build.0 = Release|Any CPU
		{8DFF553E-9D2B-4E32-BE3A-74F476159580}.Debug|Any CPU.ActiveCfg = Debug|Any CPU
		{8DFF553E-9D2B-4E32-BE3A-74F476159580}.Debug|Any CPU.Build.0 = Debug|Any CPU
		{8DFF553E-9D2B-4E32-BE3A-74F476159580}.Release|Any CPU.ActiveCfg = Release|Any CPU
		{8DFF553E-9D2B-4E32-BE3A-74F476159580}.Release|Any CPU.Build.0 = Release|Any CPU
		{F760DBF2-6D4A-4934-A56C-4C0CA6758DE6}.Debug|Any CPU.ActiveCfg = Debug|Any CPU
		{F760DBF2-6D4A-4934-A56C-4C0CA6758DE6}.Debug|Any CPU.Build.0 = Debug|Any CPU
		{F760DBF2-6D4A-4934-A56C-4C0CA6758DE6}.Release|Any CPU.ActiveCfg = Release|Any CPU
		{F760DBF2-6D4A-4934-A56C-4C0CA6758DE6}.Release|Any CPU.Build.0 = Release|Any CPU
		{15315ED8-1F67-478B-AFAD-59D9E5760705}.Debug|Any CPU.ActiveCfg = Debug|Any CPU
		{15315ED8-1F67-478B-AFAD-59D9E5760705}.Debug|Any CPU.Build.0 = Debug|Any CPU
		{15315ED8-1F67-478B-AFAD-59D9E5760705}.Release|Any CPU.ActiveCfg = Release|Any CPU
		{15315ED8-1F67-478B-AFAD-59D9E5760705}.Release|Any CPU.Build.0 = Release|Any CPU
	EndGlobalSection
	GlobalSection(SolutionProperties) = preSolution
		HideSolutionNode = FALSE
	EndGlobalSection
	GlobalSection(NestedProjects) = preSolution
		{FC9B7611-836F-4127-8B44-A7C31F506807} = {E1A9B303-F281-45C5-A4F6-CADD9DE3F3C4}
		{F61679A9-E5DE-468A-B5A4-05F92D0143D2} = {E1A9B303-F281-45C5-A4F6-CADD9DE3F3C4}
		{19ECCE09-B5EB-406C-8C57-BAC66997D469} = {566EBBDA-19A4-4056-A615-D901D57D2439}
		{C03F6DFD-805A-4BE0-9338-64870ADDB4A2} = {E1A9B303-F281-45C5-A4F6-CADD9DE3F3C4}
		{81765A64-3661-4E3E-B850-2F6F87A51F74} = {D19A38DD-68F1-4EF5-BF5F-8966CE0D9A5B}
		{BAE27510-8B5D-44B2-B33E-372A98908041} = {E1A9B303-F281-45C5-A4F6-CADD9DE3F3C4}
		{1BFAE226-8364-4086-825C-BB83F6F3EE4C} = {E1A9B303-F281-45C5-A4F6-CADD9DE3F3C4}
		{E7280DCA-7776-4A73-B9B5-41FD77FC8799} = {D19A38DD-68F1-4EF5-BF5F-8966CE0D9A5B}
		{0CA86ECF-5BEC-4909-B4F6-110A03B30B92} = {566EBBDA-19A4-4056-A615-D901D57D2439}
		{C0270709-2A40-43B5-8CF1-69581B9FA2A1} = {E1A9B303-F281-45C5-A4F6-CADD9DE3F3C4}
		{CCD76347-7DC7-4B42-B7E1-E500E624CAC3} = {E1A9B303-F281-45C5-A4F6-CADD9DE3F3C4}
		{FF2BF37C-E502-4C98-BEA0-701671DDFA08} = {E1A9B303-F281-45C5-A4F6-CADD9DE3F3C4}
		{19E661D2-C5DA-4F35-B3EE-7586E5734B5F} = {D19A38DD-68F1-4EF5-BF5F-8966CE0D9A5B}
		{17566860-3D98-4604-AA5B-47661F75609F} = {D19A38DD-68F1-4EF5-BF5F-8966CE0D9A5B}
		{2AF960C0-357D-4D44-A3D5-8B6E89DB0F11} = {D19A38DD-68F1-4EF5-BF5F-8966CE0D9A5B}
		{2C838169-B187-4B09-8768-1C24C2521C8D} = {566EBBDA-19A4-4056-A615-D901D57D2439}
		{E93F3DE2-FF3A-4709-96A3-8190AA14FA25} = {D19A38DD-68F1-4EF5-BF5F-8966CE0D9A5B}
		{8E4CECFB-0413-4B00-AB93-78D1C3902BD5} = {E1A9B303-F281-45C5-A4F6-CADD9DE3F3C4}
		{5489181D-950C-44AF-873C-45EB0A3B6BD2} = {E1A9B303-F281-45C5-A4F6-CADD9DE3F3C4}
		{D9E4E686-423C-48EC-A392-404E7C00860C} = {E1A9B303-F281-45C5-A4F6-CADD9DE3F3C4}
		{4A010589-76E6-4F05-A5C4-4598D5DF11F8} = {D19A38DD-68F1-4EF5-BF5F-8966CE0D9A5B}
		{61C43D61-4368-4942-84A3-1EB623F4EF2A} = {E1A9B303-F281-45C5-A4F6-CADD9DE3F3C4}
		{6643A5AE-AB38-453F-ADCE-408E35A81A83} = {E1A9B303-F281-45C5-A4F6-CADD9DE3F3C4}
		{3FF7DD0B-5284-4BF9-97D9-1E4417FDABB2} = {E1A9B303-F281-45C5-A4F6-CADD9DE3F3C4}
		{59C8BBC5-6E42-46FB-AB3E-6C183A82459A} = {E1A9B303-F281-45C5-A4F6-CADD9DE3F3C4}
		{B20A7CEE-9C5B-47B9-8B76-BC85ADFE8493} = {E1A9B303-F281-45C5-A4F6-CADD9DE3F3C4}
		{2CD5DBC3-3DA6-432D-BA97-F0B8D24501C2} = {E1A9B303-F281-45C5-A4F6-CADD9DE3F3C4}
		{32A74526-3E5F-413A-8CB4-1EFDAD4C8B91} = {E1A9B303-F281-45C5-A4F6-CADD9DE3F3C4}
		{851A1CB8-3CEB-41B4-956F-34D760D2A8E5} = {E1A9B303-F281-45C5-A4F6-CADD9DE3F3C4}
		{E9AB8491-BD4C-4E4F-84C3-0BD551CC7489} = {E1A9B303-F281-45C5-A4F6-CADD9DE3F3C4}
		{545DD6D4-9476-42D6-B51C-A28E000C489E} = {E1A9B303-F281-45C5-A4F6-CADD9DE3F3C4}
		{6B46F6B1-1898-49B8-ADA7-5CAF68EB77E3} = {FA88A246-EF8E-46E3-90AF-539B8C0A6ADE}
		{95B7DD83-2C5A-4F1E-8EA7-39654B2B236A} = {6B46F6B1-1898-49B8-ADA7-5CAF68EB77E3}
		{34149709-F3ED-4FB5-A087-43EB195C948B} = {6B46F6B1-1898-49B8-ADA7-5CAF68EB77E3}
		{2F1C0C8D-5C15-4BC0-811F-87F2C98D9790} = {6B46F6B1-1898-49B8-ADA7-5CAF68EB77E3}
		{31FA5B9B-4CD6-4BF3-B7A9-12C1E30DCAF6} = {6B46F6B1-1898-49B8-ADA7-5CAF68EB77E3}
		{0FFC557E-1B84-46A2-B6E8-06064FA7EA58} = {6B46F6B1-1898-49B8-ADA7-5CAF68EB77E3}
		{AF32C621-30DC-40F5-8CE6-DD69053068E9} = {6B46F6B1-1898-49B8-ADA7-5CAF68EB77E3}
		{55EEEBD2-CE45-45D6-9838-958F1C7354E4} = {6B46F6B1-1898-49B8-ADA7-5CAF68EB77E3}
		{5D20B150-C445-47BE-8CE8-C9F74F19A4F2} = {6B46F6B1-1898-49B8-ADA7-5CAF68EB77E3}
		{0F5A1F4E-25FA-4D02-920D-CA2138498081} = {6B46F6B1-1898-49B8-ADA7-5CAF68EB77E3}
		{6B594D23-B629-465C-B799-70EE9E56C218} = {E1A9B303-F281-45C5-A4F6-CADD9DE3F3C4}
		{D19A38DD-68F1-4EF5-BF5F-8966CE0D9A5B} = {FA88A246-EF8E-46E3-90AF-539B8C0A6ADE}
		{2290B104-92B2-416E-A150-6A89B51C05FE} = {E1A9B303-F281-45C5-A4F6-CADD9DE3F3C4}
		{FE6FD36C-E171-4599-8D55-62DA579C0864} = {6B46F6B1-1898-49B8-ADA7-5CAF68EB77E3}
		{0364E724-1929-445E-9145-90A70B01DDC0} = {6B46F6B1-1898-49B8-ADA7-5CAF68EB77E3}
		{5AF834B1-D227-4A98-9377-6BFA6BCF99A7} = {D19A38DD-68F1-4EF5-BF5F-8966CE0D9A5B}
		{C09A7DE2-F0F3-4FA4-B36C-A0DE7844739B} = {6B46F6B1-1898-49B8-ADA7-5CAF68EB77E3}
		{3476A88B-4123-45F4-AC96-700B747367EB} = {D19A38DD-68F1-4EF5-BF5F-8966CE0D9A5B}
		{0C1AD03C-89D8-4C47-82FF-25D5470055B4} = {D19A38DD-68F1-4EF5-BF5F-8966CE0D9A5B}
		{A2957269-C11F-44CE-B355-CC9BA342295D} = {6B46F6B1-1898-49B8-ADA7-5CAF68EB77E3}
		{D6417FD3-1645-4AB4-9F42-A1EC4A262B37} = {D19A38DD-68F1-4EF5-BF5F-8966CE0D9A5B}
		{E1D32EF7-368E-4148-9367-B328E78C871B} = {6B46F6B1-1898-49B8-ADA7-5CAF68EB77E3}
		{CA1A0EE8-DFFF-42AF-B15D-EF538357A2DE} = {E1A9B303-F281-45C5-A4F6-CADD9DE3F3C4}
		{8ACA2736-3C69-4FA5-BCF9-5EDF50CAF332} = {566EBBDA-19A4-4056-A615-D901D57D2439}
		{836E0557-B40C-4DC7-9A2A-5C062F9ACC6B} = {E1A9B303-F281-45C5-A4F6-CADD9DE3F3C4}
		{6D9742A7-6F32-4571-8276-79716168B525} = {424CEF73-4984-430E-9C8B-E61CC0F22074}
		{D3A7E41E-279D-4E0A-A2DB-5E8002E02B6D} = {15388C37-9218-4818-972E-738EEA8F1602}
		{48D32674-0FE9-4407-B102-4AE46D93595F} = {6B46F6B1-1898-49B8-ADA7-5CAF68EB77E3}
		{2873BCE2-2EA6-419D-BFFA-693FDB34926E} = {D19A38DD-68F1-4EF5-BF5F-8966CE0D9A5B}
		{4003BF90-6681-4155-9D06-639ED23FE3AB} = {6B46F6B1-1898-49B8-ADA7-5CAF68EB77E3}
		{BD7F4E52-1898-4C4C-8722-FFE87B06718B} = {E1A9B303-F281-45C5-A4F6-CADD9DE3F3C4}
		{90E9AD66-E63D-4A22-9218-6E036BD44AF9} = {E1A9B303-F281-45C5-A4F6-CADD9DE3F3C4}
		{8DFF553E-9D2B-4E32-BE3A-74F476159580} = {566EBBDA-19A4-4056-A615-D901D57D2439}
		{F760DBF2-6D4A-4934-A56C-4C0CA6758DE6} = {6B46F6B1-1898-49B8-ADA7-5CAF68EB77E3}
		{15315ED8-1F67-478B-AFAD-59D9E5760705} = {D19A38DD-68F1-4EF5-BF5F-8966CE0D9A5B}
	EndGlobalSection
	GlobalSection(ExtensibilityGlobals) = postSolution
		SolutionGuid = {8B40BAFE-D862-4397-9495-8F5EAF5CE80C}
	EndGlobalSection
	GlobalSection(MonoDevelopProperties) = preSolution
		Policies = $0
		$0.StandardHeader = $1
		$1.Text = @ Copyright (C) ${Year}, The Duplicati Team\nhttps://duplicati.com, hello@duplicati.com\n\nPermission is hereby granted, free of charge, to any person obtaining a \ncopy of this software and associated documentation files (the "Software"), \nto deal in the Software without restriction, including without limitation \nthe rights to use, copy, modify, merge, publish, distribute, sublicense, \nand/or sell copies of the Software, and to permit persons to whom the \nSoftware is furnished to do so, subject to the following conditions:\n\nThe above copyright notice and this permission notice shall be included in \nall copies or substantial portions of the Software.\n\nTHE SOFTWARE IS PROVIDED "AS IS", WITHOUT WARRANTY OF ANY KIND, EXPRESS \nOR IMPLIED, INCLUDING BUT NOT LIMITED TO THE WARRANTIES OF MERCHANTABILITY, \nFITNESS FOR A PARTICULAR PURPOSE AND NONINFRINGEMENT. IN NO EVENT SHALL THE \nAUTHORS OR COPYRIGHT HOLDERS BE LIABLE FOR ANY CLAIM, DAMAGES OR OTHER \nLIABILITY, WHETHER IN AN ACTION OF CONTRACT, TORT OR OTHERWISE, ARISING \nFROM, OUT OF OR IN CONNECTION WITH THE SOFTWARE OR THE USE OR OTHER \nDEALINGS IN THE SOFTWARE.\n
		$0.DotNetNamingPolicy = $2
		$2.DirectoryNamespaceAssociation = PrefixedHierarchical
		$0.TextStylePolicy = $5
		$5.FileWidth = 80
		$5.TabsToSpaces = True
		$5.EolMarker = Windows
		$5.scope = text/plain
	EndGlobalSection
EndGlobal
