
Microsoft Visual Studio Solution File, Format Version 11.00
# Visual Studio 2010
Project("{FAE04EC0-301F-11D3-BF4B-00C04F79EFBC}") = "WixProjBuilder", "WixProjBuilder.csproj", "{794CD060-AB3B-4885-B23B-6B26272C84E0}"
EndProject
Global
	GlobalSection(SolutionConfigurationPlatforms) = preSolution
		Debug|Any CPU = Debug|Any CPU
		Release|Any CPU = Release|Any CPU
	EndGlobalSection
	GlobalSection(ProjectConfigurationPlatforms) = postSolution
		{794CD060-AB3B-4885-B23B-6B26272C84E0}.Debug|Any CPU.ActiveCfg = Debug|Any CPU
		{794CD060-AB3B-4885-B23B-6B26272C84E0}.Debug|Any CPU.Build.0 = Debug|Any CPU
		{794CD060-AB3B-4885-B23B-6B26272C84E0}.Release|Any CPU.ActiveCfg = Release|Any CPU
		{794CD060-AB3B-4885-B23B-6B26272C84E0}.Release|Any CPU.Build.0 = Release|Any CPU
	EndGlobalSection
	GlobalSection(SolutionProperties) = preSolution
		HideSolutionNode = FALSE
	EndGlobalSection
EndGlobal
