
Microsoft Visual Studio Solution File, Format Version 12.00
# Visual Studio 15
VisualStudioVersion = 15.0.28010.2016
MinimumVisualStudioVersion = 10.0.40219.1
Project("{FAE04EC0-301F-11D3-BF4B-00C04F79EFBC}") = "DependencyFinder", "DependencyFinder.csproj", "{3E891818-579A-4C06-8066-4C702BFA5921}"
EndProject
Global
	GlobalSection(SolutionConfigurationPlatforms) = preSolution
		Debug|x86 = Debug|x86
		Release|x86 = Release|x86
	EndGlobalSection
	GlobalSection(ProjectConfigurationPlatforms) = postSolution
		{3E891818-579A-4C06-8066-4C702BFA5921}.Debug|x86.ActiveCfg = Debug|Any CPU
		{3E891818-579A-4C06-8066-4C702BFA5921}.Debug|x86.Build.0 = Debug|Any CPU
		{3E891818-579A-4C06-8066-4C702BFA5921}.Release|x86.ActiveCfg = Release|Any CPU
		{3E891818-579A-4C06-8066-4C702BFA5921}.Release|x86.Build.0 = Release|Any CPU
	EndGlobalSection
	GlobalSection(SolutionProperties) = preSolution
		HideSolutionNode = FALSE
	EndGlobalSection
	GlobalSection(ExtensibilityGlobals) = postSolution
		SolutionGuid = {EF24197C-68CD-4852-BBC3-859DA05B8DA1}
	EndGlobalSection
EndGlobal
