
Microsoft Visual Studio Solution File, Format Version 12.00
# Visual Studio Version 16
VisualStudioVersion = 25.0.1706.10
MinimumVisualStudioVersion = 10.0.40219.1
Project("{FAE04EC0-301F-11D3-BF4B-00C04F79EFBC}") = "SQLiteDecryptTool", "SQLiteDecryptTool.csproj", "{1DEC3171-4E1C-4451-B616-7DB905F56C2E}"
EndProject
Global
	GlobalSection(SolutionConfigurationPlatforms) = preSolution
		Debug|Any CPU = Debug|Any CPU
		Release|Any CPU = Release|Any CPU
	EndGlobalSection
	GlobalSection(ProjectConfigurationPlatforms) = postSolution
		{1DEC3171-4E1C-4451-B616-7DB905F56C2E}.Debug|Any CPU.ActiveCfg = Debug|Any CPU
		{1DEC3171-4E1C-4451-B616-7DB905F56C2E}.Debug|Any CPU.Build.0 = Debug|Any CPU
		{1DEC3171-4E1C-4451-B616-7DB905F56C2E}.Release|Any CPU.ActiveCfg = Release|Any CPU
		{1DEC3171-4E1C-4451-B616-7DB905F56C2E}.Release|Any CPU.Build.0 = Release|Any CPU
	EndGlobalSection
	GlobalSection(SolutionProperties) = preSolution
		HideSolutionNode = FALSE
	EndGlobalSection
	GlobalSection(ExtensibilityGlobals) = postSolution
		SolutionGuid = {328086A3-32F5-43DF-A039-30D7D439AD36}
	EndGlobalSection
EndGlobal
