{
  "name": "ngclient",
  "version": "1.0.0",
  "lockfileVersion": 3,
  "requires": true,
  "packages": {
    "": {
      "name": "ngclient",
      "version": "1.0.0",
      "license": "MIT",
      "dependencies": {
        "@duplicati/ngclient": "^0.0.102"
      }
    },
    "node_modules/@duplicati/ngclient": {
      "version": "0.0.102",
      "resolved": "https://registry.npmjs.org/@duplicati/ngclient/-/ngclient-0.0.102.tgz",
      "integrity": "sha512-biYJCcElXgNzT5Wa1iSVp/RuV+HSyrZnHuOr+G/9vn/KKpAPmg+0j2SDuA7o+lNm0ztWJXgPA41az8R+TCDclQ==",
      "license": "MIT"
    }
  }
}
