{
  "name": "ngclient",
  "version": "1.0.0",
  "lockfileVersion": 3,
  "requires": true,
  "packages": {
    "": {
      "name": "ngclient",
      "version": "1.0.0",
      "license": "MIT",
      "dependencies": {
        "@duplicati/ngclient": "^0.0.65"
      }
    },
    "node_modules/@duplicati/ngclient": {
      "version": "0.0.65",
      "resolved": "https://registry.npmjs.org/@duplicati/ngclient/-/ngclient-0.0.65.tgz",
      "integrity": "sha512-wmE/ZuABqdazprlxovBxUy7wB0DwqQhpagZLsAPt6R3dwWuWZfSkDN42m74c4rdKlN7fC+RHIMKrT65mzciPqQ==",
      "license": "MIT"
    }
  }
}
