{
  "name": "ngclient",
  "version": "1.0.0",
  "lockfileVersion": 3,
  "requires": true,
  "packages": {
    "": {
      "name": "ngclient",
      "version": "1.0.0",
      "license": "MIT",
      "dependencies": {
        "@duplicati/ngclient": "^0.0.207"
      }
    },
    "node_modules/@duplicati/ngclient": {
      "version": "0.0.207",
      "resolved": "https://registry.npmjs.org/@duplicati/ngclient/-/ngclient-0.0.207.tgz",
      "integrity": "sha512-O45cRzeadGnyQCZhDbCk4AyRQ5QDcYQFiXYLDcj0lO42oqnU9xZjWjVb9FUASRKgH3edohFa8VrEhJxXeuf47Q==",
      "license": "MIT"
    }
  }
}
