
Microsoft Visual Studio Solution File, Format Version 9.00
# Visual Studio 2005
Project("{FAE04EC0-301F-11D3-BF4B-00C04F79EFBC}") = "DuplicatiBackend", "DuplicatiBackend.csproj", "{A0819A66-A2EF-48B1-BA69-14140C6C230E}"
EndProject
Project("{FAE04EC0-301F-11D3-BF4B-00C04F79EFBC}") = "BackendInterface", "..\BackendInterface\BackendInterface.csproj", "{994F3D0A-E91E-4EEE-80EE-064485E09909}"
EndProject
Project("{FAE04EC0-301F-11D3-BF4B-00C04F79EFBC}") = "FTP", "..\FTP\FTP.csproj", "{F61679A9-E5DE-468A-B5A4-05F92D0143D2}"
EndProject
Project("{FAE04EC0-301F-11D3-BF4B-00C04F79EFBC}") = "BackendLoader", "..\BackendLoader\BackendLoader.csproj", "{0CA86ECF-5BEC-4909-B4F6-110A03B30B92}"
EndProject
Project("{FAE04EC0-301F-11D3-BF4B-00C04F79EFBC}") = "SSH", "..\SSH\SSH.csproj", "{6BA21DCB-1701-4936-B177-3B6D4DE3474E}"
EndProject
Project("{FAE04EC0-301F-11D3-BF4B-00C04F79EFBC}") = "File", "..\File\File.csproj", "{FC9B7611-836F-4127-8B44-A7C31F506807}"
EndProject
Global
	GlobalSection(SolutionConfigurationPlatforms) = preSolution
		Debug|Any CPU = Debug|Any CPU
		Release|Any CPU = Release|Any CPU
	EndGlobalSection
	GlobalSection(ProjectConfigurationPlatforms) = postSolution
		{A0819A66-A2EF-48B1-BA69-14140C6C230E}.Debug|Any CPU.ActiveCfg = Debug|Any CPU
		{A0819A66-A2EF-48B1-BA69-14140C6C230E}.Debug|Any CPU.Build.0 = Debug|Any CPU
		{A0819A66-A2EF-48B1-BA69-14140C6C230E}.Release|Any CPU.ActiveCfg = Release|Any CPU
		{A0819A66-A2EF-48B1-BA69-14140C6C230E}.Release|Any CPU.Build.0 = Release|Any CPU
		{994F3D0A-E91E-4EEE-80EE-064485E09909}.Debug|Any CPU.ActiveCfg = Debug|Any CPU
		{994F3D0A-E91E-4EEE-80EE-064485E09909}.Debug|Any CPU.Build.0 = Debug|Any CPU
		{994F3D0A-E91E-4EEE-80EE-064485E09909}.Release|Any CPU.ActiveCfg = Release|Any CPU
		{994F3D0A-E91E-4EEE-80EE-064485E09909}.Release|Any CPU.Build.0 = Release|Any CPU
		{F61679A9-E5DE-468A-B5A4-05F92D0143D2}.Debug|Any CPU.ActiveCfg = Debug|Any CPU
		{F61679A9-E5DE-468A-B5A4-05F92D0143D2}.Debug|Any CPU.Build.0 = Debug|Any CPU
		{F61679A9-E5DE-468A-B5A4-05F92D0143D2}.Release|Any CPU.ActiveCfg = Release|Any CPU
		{F61679A9-E5DE-468A-B5A4-05F92D0143D2}.Release|Any CPU.Build.0 = Release|Any CPU
		{0CA86ECF-5BEC-4909-B4F6-110A03B30B92}.Debug|Any CPU.ActiveCfg = Debug|Any CPU
		{0CA86ECF-5BEC-4909-B4F6-110A03B30B92}.Debug|Any CPU.Build.0 = Debug|Any CPU
		{0CA86ECF-5BEC-4909-B4F6-110A03B30B92}.Release|Any CPU.ActiveCfg = Release|Any CPU
		{0CA86ECF-5BEC-4909-B4F6-110A03B30B92}.Release|Any CPU.Build.0 = Release|Any CPU
		{6BA21DCB-1701-4936-B177-3B6D4DE3474E}.Debug|Any CPU.ActiveCfg = Debug|Any CPU
		{6BA21DCB-1701-4936-B177-3B6D4DE3474E}.Debug|Any CPU.Build.0 = Debug|Any CPU
		{6BA21DCB-1701-4936-B177-3B6D4DE3474E}.Release|Any CPU.ActiveCfg = Release|Any CPU
		{6BA21DCB-1701-4936-B177-3B6D4DE3474E}.Release|Any CPU.Build.0 = Release|Any CPU
		{FC9B7611-836F-4127-8B44-A7C31F506807}.Debug|Any CPU.ActiveCfg = Debug|Any CPU
		{FC9B7611-836F-4127-8B44-A7C31F506807}.Debug|Any CPU.Build.0 = Debug|Any CPU
		{FC9B7611-836F-4127-8B44-A7C31F506807}.Release|Any CPU.ActiveCfg = Release|Any CPU
		{FC9B7611-836F-4127-8B44-A7C31F506807}.Release|Any CPU.Build.0 = Release|Any CPU
	EndGlobalSection
	GlobalSection(SolutionProperties) = preSolution
		HideSolutionNode = FALSE
	EndGlobalSection
EndGlobal
